// !$*UTF8*$!
{
	archiveVersion = 1;
	classes = {
	};
	objectVersion = 56;
	objects = {

/* Begin PBXBuildFile section */
		5092DF2529292C590094DC18 /* OrochiApp.swift in Sources */ = {isa = PBXBuildFile; fileRef = 5092DF2429292C590094DC18 /* OrochiApp.swift */; };
		5092DF2929292C5C0094DC18 /* Assets.xcassets in Resources */ = {isa = PBXBuildFile; fileRef = 5092DF2829292C5C0094DC18 /* Assets.xcassets */; };
		5092DF2C29292C5C0094DC18 /* Preview Assets.xcassets in Resources */ = {isa = PBXBuildFile; fileRef = 5092DF2B29292C5C0094DC18 /* Preview Assets.xcassets */; };
		5092DF35292942A30094DC18 /* DiscoverView.swift in Sources */ = {isa = PBXBuildFile; fileRef = 5092DF34292942A30094DC18 /* DiscoverView.swift */; };
		5092DF3A292942CA0094DC18 /* DiscoverViewModel.swift in Sources */ = {isa = PBXBuildFile; fileRef = 5092DF39292942CA0094DC18 /* DiscoverViewModel.swift */; };
		5092DF482929464F0094DC18 /* LibraryView.swift in Sources */ = {isa = PBXBuildFile; fileRef = 5092DF472929464F0094DC18 /* LibraryView.swift */; };
		5092DF4A2929465B0094DC18 /* SettingsView.swift in Sources */ = {isa = PBXBuildFile; fileRef = 5092DF492929465B0094DC18 /* SettingsView.swift */; };
/* End PBXBuildFile section */

/* Begin PBXFileReference section */
		5092DF2129292C590094DC18 /* Orochii.app */ = {isa = PBXFileReference; explicitFileType = wrapper.application; includeInIndex = 0; path = Orochii.app; sourceTree = BUILT_PRODUCTS_DIR; };
		5092DF2429292C590094DC18 /* OrochiApp.swift */ = {isa = PBXFileReference; lastKnownFileType = sourcecode.swift; path = OrochiApp.swift; sourceTree = "<group>"; };
		5092DF2829292C5C0094DC18 /* Assets.xcassets */ = {isa = PBXFileReference; lastKnownFileType = folder.assetcatalog; path = Assets.xcassets; sourceTree = "<group>"; };
		5092DF2B29292C5C0094DC18 /* Preview Assets.xcassets */ = {isa = PBXFileReference; lastKnownFileType = folder.assetcatalog; path = "Preview Assets.xcassets"; sourceTree = "<group>"; };
		5092DF34292942A30094DC18 /* DiscoverView.swift */ = {isa = PBXFileReference; lastKnownFileType = sourcecode.swift; path = DiscoverView.swift; sourceTree = "<group>"; };
		5092DF39292942CA0094DC18 /* DiscoverViewModel.swift */ = {isa = PBXFileReference; lastKnownFileType = sourcecode.swift; path = DiscoverViewModel.swift; sourceTree = "<group>"; };
		5092DF472929464F0094DC18 /* LibraryView.swift */ = {isa = PBXFileReference; lastKnownFileType = sourcecode.swift; path = LibraryView.swift; sourceTree = "<group>"; };
		5092DF492929465B0094DC18 /* SettingsView.swift */ = {isa = PBXFileReference; lastKnownFileType = sourcecode.swift; path = SettingsView.swift; sourceTree = "<group>"; };
/* End PBXFileReference section */

/* Begin PBXFrameworksBuildPhase section */
		5092DF1E29292C590094DC18 /* Frameworks */ = {
			isa = PBXFrameworksBuildPhase;
			buildActionMask = 2147483647;
			files = (
			);
			runOnlyForDeploymentPostprocessing = 0;
		};
/* End PBXFrameworksBuildPhase section */

/* Begin PBXGroup section */
		5092DF1829292C590094DC18 = {
			isa = PBXGroup;
			children = (
				5092DF2329292C590094DC18 /* Orochi */,
				5092DF2229292C590094DC18 /* Products */,
			);
			sourceTree = "<group>";
		};
		5092DF2229292C590094DC18 /* Products */ = {
			isa = PBXGroup;
			children = (
				5092DF2129292C590094DC18 /* Orochii.app */,
			);
			name = Products;
			sourceTree = "<group>";
		};
		5092DF2329292C590094DC18 /* Orochi */ = {
			isa = PBXGroup;
			children = (
				5092DF2429292C590094DC18 /* OrochiApp.swift */,
				5092DF33292942820094DC18 /* Resources */,
				5092DF322929427C0094DC18 /* Scenes */,
				5092DF2A29292C5C0094DC18 /* Preview Content */,
			);
			path = Orochi;
			sourceTree = "<group>";
		};
		5092DF2A29292C5C0094DC18 /* Preview Content */ = {
			isa = PBXGroup;
			children = (
				5092DF2B29292C5C0094DC18 /* Preview Assets.xcassets */,
			);
			path = "Preview Content";
			sourceTree = "<group>";
		};
		5092DF322929427C0094DC18 /* Scenes */ = {
			isa = PBXGroup;
			children = (
				5092DF46292946410094DC18 /* Library */,
				5092DF45292946340094DC18 /* Settings */,
				5092DF36292942A80094DC18 /* Discover */,
			);
			path = Scenes;
			sourceTree = "<group>";
		};
		5092DF33292942820094DC18 /* Resources */ = {
			isa = PBXGroup;
			children = (
				5092DF2829292C5C0094DC18 /* Assets.xcassets */,
			);
			path = Resources;
			sourceTree = "<group>";
		};
		5092DF36292942A80094DC18 /* Discover */ = {
			isa = PBXGroup;
			children = (
				5092DF38292942B60094DC18 /* ViewModel */,
				5092DF37292942B20094DC18 /* View */,
			);
			path = Discover;
			sourceTree = "<group>";
		};
		5092DF37292942B20094DC18 /* View */ = {
			isa = PBXGroup;
			children = (
				5092DF34292942A30094DC18 /* DiscoverView.swift */,
			);
			path = View;
			sourceTree = "<group>";
		};
		5092DF38292942B60094DC18 /* ViewModel */ = {
			isa = PBXGroup;
			children = (
				5092DF39292942CA0094DC18 /* DiscoverViewModel.swift */,
			);
			path = ViewModel;
			sourceTree = "<group>";
		};
		5092DF45292946340094DC18 /* Settings */ = {
			isa = PBXGroup;
			children = (
				5092DF4B2929469D0094DC18 /* View */,
			);
			path = Settings;
			sourceTree = "<group>";
		};
		5092DF46292946410094DC18 /* Library */ = {
			isa = PBXGroup;
			children = (
				5092DF4C292946AC0094DC18 /* View */,
			);
			path = Library;
			sourceTree = "<group>";
		};
		5092DF4B2929469D0094DC18 /* View */ = {
			isa = PBXGroup;
			children = (
				5092DF492929465B0094DC18 /* SettingsView.swift */,
			);
			path = View;
			sourceTree = "<group>";
		};
		5092DF4C292946AC0094DC18 /* View */ = {
			isa = PBXGroup;
			children = (
				5092DF472929464F0094DC18 /* LibraryView.swift */,
			);
			path = View;
			sourceTree = "<group>";
		};
/* End PBXGroup section */

/* Begin PBXNativeTarget section */
		5092DF2029292C590094DC18 /* Orochii */ = {
			isa = PBXNativeTarget;
			buildConfigurationList = 5092DF2F29292C5C0094DC18 /* Build configuration list for PBXNativeTarget "Orochii" */;
			buildPhases = (
				5092DF1D29292C590094DC18 /* Sources */,
				5092DF1E29292C590094DC18 /* Frameworks */,
				5092DF1F29292C590094DC18 /* Resources */,
			);
			buildRules = (
			);
			dependencies = (
			);
			name = Orochii;
			productName = Orochi;
			productReference = 5092DF2129292C590094DC18 /* Orochii.app */;
			productType = "com.apple.product-type.application";
		};
/* End PBXNativeTarget section */

/* Begin PBXProject section */
		5092DF1929292C590094DC18 /* Project object */ = {
			isa = PBXProject;
			attributes = {
				BuildIndependentTargetsInParallel = 1;
				LastSwiftUpdateCheck = 1410;
				LastUpgradeCheck = 1410;
				TargetAttributes = {
					5092DF2029292C590094DC18 = {
						CreatedOnToolsVersion = 14.1;
					};
				};
			};
			buildConfigurationList = 5092DF1C29292C590094DC18 /* Build configuration list for PBXProject "Orochii" */;
			compatibilityVersion = "Xcode 14.0";
			developmentRegion = en;
			hasScannedForEncodings = 0;
			knownRegions = (
				en,
				Base,
			);
			mainGroup = 5092DF1829292C590094DC18;
			productRefGroup = 5092DF2229292C590094DC18 /* Products */;
			projectDirPath = "";
			projectRoot = "";
			targets = (
				5092DF2029292C590094DC18 /* Orochii */,
			);
		};
/* End PBXProject section */

/* Begin PBXResourcesBuildPhase section */
		5092DF1F29292C590094DC18 /* Resources */ = {
			isa = PBXResourcesBuildPhase;
			buildActionMask = 2147483647;
			files = (
				5092DF2C29292C5C0094DC18 /* Preview Assets.xcassets in Resources */,
				5092DF2929292C5C0094DC18 /* Assets.xcassets in Resources */,
			);
			runOnlyForDeploymentPostprocessing = 0;
		};
/* End PBXResourcesBuildPhase section */

/* Begin PBXSourcesBuildPhase section */
		5092DF1D29292C590094DC18 /* Sources */ = {
			isa = PBXSourcesBuildPhase;
			buildActionMask = 2147483647;
			files = (
				5092DF4A2929465B0094DC18 /* SettingsView.swift in Sources */,
				5092DF482929464F0094DC18 /* LibraryView.swift in Sources */,
				5092DF3A292942CA0094DC18 /* DiscoverViewModel.swift in Sources */,
				5092DF2529292C590094DC18 /* OrochiApp.swift in Sources */,
				5092DF35292942A30094DC18 /* DiscoverView.swift in Sources */,
			);
			runOnlyForDeploymentPostprocessing = 0;
		};
/* End PBXSourcesBuildPhase section */

/* Begin XCBuildConfiguration section */
		5092DF2D29292C5C0094DC18 /* Debug */ = {
			isa = XCBuildConfiguration;
			buildSettings = {
				ALWAYS_SEARCH_USER_PATHS = NO;
				CLANG_ANALYZER_NONNULL = YES;
				CLANG_ANALYZER_NUMBER_OBJECT_CONVERSION = YES_AGGRESSIVE;
				CLANG_CXX_LANGUAGE_STANDARD = "gnu++20";
				CLANG_ENABLE_MODULES = YES;
				CLANG_ENABLE_OBJC_ARC = YES;
				CLANG_ENABLE_OBJC_WEAK = YES;
				CLANG_WARN_BLOCK_CAPTURE_AUTORELEASING = YES;
				CLANG_WARN_BOOL_CONVERSION = YES;
				CLANG_WARN_COMMA = YES;
				CLANG_WARN_CONSTANT_CONVERSION = YES;
				CLANG_WARN_DEPRECATED_OBJC_IMPLEMENTATIONS = YES;
				CLANG_WARN_DIRECT_OBJC_ISA_USAGE = YES_ERROR;
				CLANG_WARN_DOCUMENTATION_COMMENTS = YES;
				CLANG_WARN_EMPTY_BODY = YES;
				CLANG_WARN_ENUM_CONVERSION = YES;
				CLANG_WARN_INFINITE_RECURSION = YES;
				CLANG_WARN_INT_CONVERSION = YES;
				CLANG_WARN_NON_LITERAL_NULL_CONVERSION = YES;
				CLANG_WARN_OBJC_IMPLICIT_RETAIN_SELF = YES;
				CLANG_WARN_OBJC_LITERAL_CONVERSION = YES;
				CLANG_WARN_OBJC_ROOT_CLASS = YES_ERROR;
				CLANG_WARN_QUOTED_INCLUDE_IN_FRAMEWORK_HEADER = YES;
				CLANG_WARN_RANGE_LOOP_ANALYSIS = YES;
				CLANG_WARN_STRICT_PROTOTYPES = YES;
				CLANG_WARN_SUSPICIOUS_MOVE = YES;
				CLANG_WARN_UNGUARDED_AVAILABILITY = YES_AGGRESSIVE;
				CLANG_WARN_UNREACHABLE_CODE = YES;
				CLANG_WARN__DUPLICATE_METHOD_MATCH = YES;
				COPY_PHASE_STRIP = NO;
				DEBUG_INFORMATION_FORMAT = dwarf;
				ENABLE_STRICT_OBJC_MSGSEND = YES;
				ENABLE_TESTABILITY = YES;
				GCC_C_LANGUAGE_STANDARD = gnu11;
				GCC_DYNAMIC_NO_PIC = NO;
				GCC_NO_COMMON_BLOCKS = YES;
				GCC_OPTIMIZATION_LEVEL = 0;
				GCC_PREPROCESSOR_DEFINITIONS = (
					"DEBUG=1",
					"$(inherited)",
				);
				GCC_WARN_64_TO_32_BIT_CONVERSION = YES;
				GCC_WARN_ABOUT_RETURN_TYPE = YES_ERROR;
				GCC_WARN_UNDECLARED_SELECTOR = YES;
				GCC_WARN_UNINITIALIZED_AUTOS = YES_AGGRESSIVE;
				GCC_WARN_UNUSED_FUNCTION = YES;
				GCC_WARN_UNUSED_VARIABLE = YES;
				IPHONEOS_DEPLOYMENT_TARGET = 16.1;
				MTL_ENABLE_DEBUG_INFO = INCLUDE_SOURCE;
				MTL_FAST_MATH = YES;
				ONLY_ACTIVE_ARCH = YES;
				SDKROOT = iphoneos;
				SWIFT_ACTIVE_COMPILATION_CONDITIONS = DEBUG;
				SWIFT_OPTIMIZATION_LEVEL = "-Onone";
			};
			name = Debug;
		};
		5092DF2E29292C5C0094DC18 /* Release */ = {
			isa = XCBuildConfiguration;
			buildSettings = {
				ALWAYS_SEARCH_USER_PATHS = NO;
				CLANG_ANALYZER_NONNULL = YES;
				CLANG_ANALYZER_NUMBER_OBJECT_CONVERSION = YES_AGGRESSIVE;
				CLANG_CXX_LANGUAGE_STANDARD = "gnu++20";
				CLANG_ENABLE_MODULES = YES;
				CLANG_ENABLE_OBJC_ARC = YES;
				CLANG_ENABLE_OBJC_WEAK = YES;
				CLANG_WARN_BLOCK_CAPTURE_AUTORELEASING = YES;
				CLANG_WARN_BOOL_CONVERSION = YES;
				CLANG_WARN_COMMA = YES;
				CLANG_WARN_CONSTANT_CONVERSION = YES;
				CLANG_WARN_DEPRECATED_OBJC_IMPLEMENTATIONS = YES;
				CLANG_WARN_DIRECT_OBJC_ISA_USAGE = YES_ERROR;
				CLANG_WARN_DOCUMENTATION_COMMENTS = YES;
				CLANG_WARN_EMPTY_BODY = YES;
				CLANG_WARN_ENUM_CONVERSION = YES;
				CLANG_WARN_INFINITE_RECURSION = YES;
				CLANG_WARN_INT_CONVERSION = YES;
				CLANG_WARN_NON_LITERAL_NULL_CONVERSION = YES;
				CLANG_WARN_OBJC_IMPLICIT_RETAIN_SELF = YES;
				CLANG_WARN_OBJC_LITERAL_CONVERSION = YES;
				CLANG_WARN_OBJC_ROOT_CLASS = YES_ERROR;
				CLANG_WARN_QUOTED_INCLUDE_IN_FRAMEWORK_HEADER = YES;
				CLANG_WARN_RANGE_LOOP_ANALYSIS = YES;
				CLANG_WARN_STRICT_PROTOTYPES = YES;
				CLANG_WARN_SUSPICIOUS_MOVE = YES;
				CLANG_WARN_UNGUARDED_AVAILABILITY = YES_AGGRESSIVE;
				CLANG_WARN_UNREACHABLE_CODE = YES;
				CLANG_WARN__DUPLICATE_METHOD_MATCH = YES;
				COPY_PHASE_STRIP = NO;
				DEBUG_INFORMATION_FORMAT = "dwarf-with-dsym";
				ENABLE_NS_ASSERTIONS = NO;
				ENABLE_STRICT_OBJC_MSGSEND = YES;
				GCC_C_LANGUAGE_STANDARD = gnu11;
				GCC_NO_COMMON_BLOCKS = YES;
				GCC_WARN_64_TO_32_BIT_CONVERSION = YES;
				GCC_WARN_ABOUT_RETURN_TYPE = YES_ERROR;
				GCC_WARN_UNDECLARED_SELECTOR = YES;
				GCC_WARN_UNINITIALIZED_AUTOS = YES_AGGRESSIVE;
				GCC_WARN_UNUSED_FUNCTION = YES;
				GCC_WARN_UNUSED_VARIABLE = YES;
				IPHONEOS_DEPLOYMENT_TARGET = 16.1;
				MTL_ENABLE_DEBUG_INFO = NO;
				MTL_FAST_MATH = YES;
				SDKROOT = iphoneos;
				SWIFT_COMPILATION_MODE = wholemodule;
				SWIFT_OPTIMIZATION_LEVEL = "-O";
				VALIDATE_PRODUCT = YES;
			};
			name = Release;
		};
		5092DF3029292C5C0094DC18 /* Debug */ = {
			isa = XCBuildConfiguration;
			buildSettings = {
				ASSETCATALOG_COMPILER_APPICON_NAME = AppIcon;
				ASSETCATALOG_COMPILER_GLOBAL_ACCENT_COLOR_NAME = AccentColor;
				CODE_SIGN_STYLE = Automatic;
				CURRENT_PROJECT_VERSION = 1;
				DEVELOPMENT_ASSET_PATHS = "\"Orochi/Preview Content\"";
				DEVELOPMENT_TEAM = 22298649MR;
				ENABLE_PREVIEWS = YES;
				GENERATE_INFOPLIST_FILE = YES;
				INFOPLIST_KEY_UIApplicationSceneManifest_Generation = YES;
				INFOPLIST_KEY_UIApplicationSupportsIndirectInputEvents = YES;
				INFOPLIST_KEY_UILaunchScreen_Generation = YES;
				INFOPLIST_KEY_UISupportedInterfaceOrientations_iPad = "UIInterfaceOrientationPortrait UIInterfaceOrientationPortraitUpsideDown UIInterfaceOrientationLandscapeLeft UIInterfaceOrientationLandscapeRight";
				INFOPLIST_KEY_UISupportedInterfaceOrientations_iPhone = "UIInterfaceOrientationPortrait UIInterfaceOrientationLandscapeLeft UIInterfaceOrientationLandscapeRight";
				IPHONEOS_DEPLOYMENT_TARGET = 15.0;
				LD_RUNPATH_SEARCH_PATHS = (
					"$(inherited)",
					"@executable_path/Frameworks",
				);
				MARKETING_VERSION = 0.1;
				PRODUCT_BUNDLE_IDENTIFIER = com.douglashenrique.orochi;
				PRODUCT_NAME = "$(TARGET_NAME)";
				SWIFT_EMIT_LOC_STRINGS = YES;
				SWIFT_VERSION = 5.0;
				TARGETED_DEVICE_FAMILY = "1,2";
			};
			name = Debug;
		};
		5092DF3129292C5C0094DC18 /* Release */ = {
			isa = XCBuildConfiguration;
			buildSettings = {
				ASSETCATALOG_COMPILER_APPICON_NAME = AppIcon;
				ASSETCATALOG_COMPILER_GLOBAL_ACCENT_COLOR_NAME = AccentColor;
				CODE_SIGN_STYLE = Automatic;
				CURRENT_PROJECT_VERSION = 1;
				DEVELOPMENT_ASSET_PATHS = "\"Orochi/Preview Content\"";
				DEVELOPMENT_TEAM = 22298649MR;
				ENABLE_PREVIEWS = YES;
				GENERATE_INFOPLIST_FILE = YES;
				INFOPLIST_KEY_UIApplicationSceneManifest_Generation = YES;
				INFOPLIST_KEY_UIApplicationSupportsIndirectInputEvents = YES;
				INFOPLIST_KEY_UILaunchScreen_Generation = YES;
				INFOPLIST_KEY_UISupportedInterfaceOrientations_iPad = "UIInterfaceOrientationPortrait UIInterfaceOrientationPortraitUpsideDown UIInterfaceOrientationLandscapeLeft UIInterfaceOrientationLandscapeRight";
				INFOPLIST_KEY_UISupportedInterfaceOrientations_iPhone = "UIInterfaceOrientationPortrait UIInterfaceOrientationLandscapeLeft UIInterfaceOrientationLandscapeRight";
				IPHONEOS_DEPLOYMENT_TARGET = 15.0;
				LD_RUNPATH_SEARCH_PATHS = (
					"$(inherited)",
					"@executable_path/Frameworks",
				);
				MARKETING_VERSION = 0.1;
				PRODUCT_BUNDLE_IDENTIFIER = com.douglashenrique.orochi;
				PRODUCT_NAME = "$(TARGET_NAME)";
				SWIFT_EMIT_LOC_STRINGS = YES;
				SWIFT_VERSION = 5.0;
				TARGETED_DEVICE_FAMILY = "1,2";
			};
			name = Release;
		};
/* End XCBuildConfiguration section */

/* Begin XCConfigurationList section */
		5092DF1C29292C590094DC18 /* Build configuration list for PBXProject "Orochii" */ = {
			isa = XCConfigurationList;
			buildConfigurations = (
				5092DF2D29292C5C0094DC18 /* Debug */,
				5092DF2E29292C5C0094DC18 /* Release */,
			);
			defaultConfigurationIsVisible = 0;
			defaultConfigurationName = Release;
		};
		5092DF2F29292C5C0094DC18 /* Build configuration list for PBXNativeTarget "Orochii" */ = {
			isa = XCConfigurationList;
			buildConfigurations = (
				5092DF3029292C5C0094DC18 /* Debug */,
				5092DF3129292C5C0094DC18 /* Release */,
			);
			defaultConfigurationIsVisible = 0;
			defaultConfigurationName = Release;
		};
/* End XCConfigurationList section */
	};
	rootObject = 5092DF1929292C590094DC18 /* Project object */;
}
