// !$*UTF8*$!
{
	archiveVersion = 1;
	classes = {
	};
	objectVersion = 56;
	objects = {

/* Begin PBXBuildFile section */
		500183C6292C07580094B223 /* MangaViewModel.swift in Sources */ = {isa = PBXBuildFile; fileRef = 500183C5292C07580094B223 /* MangaViewModel.swift */; };
		500183C8292C0BB10094B223 /* MangaActions.swift in Sources */ = {isa = PBXBuildFile; fileRef = 500183C7292C0BB10094B223 /* MangaActions.swift */; };
		500183CB292C0CCA0094B223 /* ChapterStandardCell.swift in Sources */ = {isa = PBXBuildFile; fileRef = 500183CA292C0CCA0094B223 /* ChapterStandardCell.swift */; };
		500183CD292C0D270094B223 /* ChapterStandardCell+builders.swift in Sources */ = {isa = PBXBuildFile; fileRef = 500183CC292C0D270094B223 /* ChapterStandardCell+builders.swift */; };
		5007A5022933AE3300EAAB84 /* MangaView+editablle.swift in Sources */ = {isa = PBXBuildFile; fileRef = 5007A5012933AE3300EAAB84 /* MangaView+editablle.swift */; };
		500B9B6B2938F1DD00961753 /* HistoryView.swift in Sources */ = {isa = PBXBuildFile; fileRef = 500B9B6A2938F1DD00961753 /* HistoryView.swift */; };
		500DB59D292C608B00F398D6 /* SettingsView+builders.swift in Sources */ = {isa = PBXBuildFile; fileRef = 500DB59C292C608B00F398D6 /* SettingsView+builders.swift */; };
		502E8E022935440D00881F40 /* NumberPicker.swift in Sources */ = {isa = PBXBuildFile; fileRef = 502E8E012935440C00881F40 /* NumberPicker.swift */; };
		502E8E0529354E5200881F40 /* ALTrackerViewModel.swift in Sources */ = {isa = PBXBuildFile; fileRef = 502E8E0429354E5200881F40 /* ALTrackerViewModel.swift */; };
		502E8E072935511900881F40 /* AniListStatus.swift in Sources */ = {isa = PBXBuildFile; fileRef = 502E8E062935511900881F40 /* AniListStatus.swift */; };
		503019A42934212700F5645F /* UIApplication+extension.swift in Sources */ = {isa = PBXBuildFile; fileRef = 503019A32934212700F5645F /* UIApplication+extension.swift */; };
		503019A7293455BD00F5645F /* ALTracker.swift in Sources */ = {isa = PBXBuildFile; fileRef = 503019A6293455BD00F5645F /* ALTracker.swift */; };
		503019AB2934D85F00F5645F /* ALTracker+builders.swift in Sources */ = {isa = PBXBuildFile; fileRef = 503019AA2934D85F00F5645F /* ALTracker+builders.swift */; };
		505656392932580F0061FD15 /* ChapterMenu.swift in Sources */ = {isa = PBXBuildFile; fileRef = 505656382932580F0061FD15 /* ChapterMenu.swift */; };
		5056563C2932597F0061FD15 /* LanguagePicker.swift in Sources */ = {isa = PBXBuildFile; fileRef = 5056563B2932597F0061FD15 /* LanguagePicker.swift */; };
		50639B41293A32C100D8E3CB /* HistoryMangaCell.swift in Sources */ = {isa = PBXBuildFile; fileRef = 50639B40293A32C100D8E3CB /* HistoryMangaCell.swift */; };
		50639B43293A36DF00D8E3CB /* HistoryChapterCell.swift in Sources */ = {isa = PBXBuildFile; fileRef = 50639B42293A36DF00D8E3CB /* HistoryChapterCell.swift */; };
		50639B46293A3CF700D8E3CB /* HistoryChapterCell+builders.swift in Sources */ = {isa = PBXBuildFile; fileRef = 50639B45293A3CF700D8E3CB /* HistoryChapterCell+builders.swift */; };
		50639B48293A3D3000D8E3CB /* HistoryMangaCell+builders.swift in Sources */ = {isa = PBXBuildFile; fileRef = 50639B47293A3D3000D8E3CB /* HistoryMangaCell+builders.swift */; };
		50639B4D293A486900D8E3CB /* MangaHistoryView.swift in Sources */ = {isa = PBXBuildFile; fileRef = 50639B4C293A486900D8E3CB /* MangaHistoryView.swift */; };
		50639B50293A494400D8E3CB /* MangaHistoryView+builders.swift in Sources */ = {isa = PBXBuildFile; fileRef = 50639B4F293A494400D8E3CB /* MangaHistoryView+builders.swift */; };
		50639B54293A4C1800D8E3CB /* HistoryViewModel.swift in Sources */ = {isa = PBXBuildFile; fileRef = 50639B53293A4C1800D8E3CB /* HistoryViewModel.swift */; };
		50639B57293A4CE200D8E3CB /* HistoryView+builders.swift in Sources */ = {isa = PBXBuildFile; fileRef = 50639B56293A4CE200D8E3CB /* HistoryView+builders.swift */; };
		506D5753292B1E2900A0C529 /* ChapterDomain.swift in Sources */ = {isa = PBXBuildFile; fileRef = 506D5752292B1E2900A0C529 /* ChapterDomain.swift */; };
		506EEBF829364D3300D89777 /* MangaView+filters.swift in Sources */ = {isa = PBXBuildFile; fileRef = 506EEBF729364D3300D89777 /* MangaView+filters.swift */; };
		507803D2292DB5F40041D5BD /* Carousel.swift in Sources */ = {isa = PBXBuildFile; fileRef = 507803D1292DB5F40041D5BD /* Carousel.swift */; };
		507803DA292DC03C0041D5BD /* LoadingView.swift in Sources */ = {isa = PBXBuildFile; fileRef = 507803D9292DC03C0041D5BD /* LoadingView.swift */; };
		507803DC292DC0530041D5BD /* ActivityIndicator.swift in Sources */ = {isa = PBXBuildFile; fileRef = 507803DB292DC0530041D5BD /* ActivityIndicator.swift */; };
		508D1B8F2936FE900069012C /* ActionPopUp.swift in Sources */ = {isa = PBXBuildFile; fileRef = 508D1B8E2936FE900069012C /* ActionPopUp.swift */; };
		508D1B912937055A0069012C /* Haptics+extension.swift in Sources */ = {isa = PBXBuildFile; fileRef = 508D1B902937055A0069012C /* Haptics+extension.swift */; };
		5092DF2529292C590094DC18 /* OrochiApp.swift in Sources */ = {isa = PBXBuildFile; fileRef = 5092DF2429292C590094DC18 /* OrochiApp.swift */; };
		5092DF2929292C5C0094DC18 /* Assets.xcassets in Resources */ = {isa = PBXBuildFile; fileRef = 5092DF2829292C5C0094DC18 /* Assets.xcassets */; };
		5092DF2C29292C5C0094DC18 /* Preview Assets.xcassets in Resources */ = {isa = PBXBuildFile; fileRef = 5092DF2B29292C5C0094DC18 /* Preview Assets.xcassets */; };
		5092DF35292942A30094DC18 /* DiscoverView.swift in Sources */ = {isa = PBXBuildFile; fileRef = 5092DF34292942A30094DC18 /* DiscoverView.swift */; };
		5092DF3A292942CA0094DC18 /* DiscoverViewModel.swift in Sources */ = {isa = PBXBuildFile; fileRef = 5092DF39292942CA0094DC18 /* DiscoverViewModel.swift */; };
		5092DF482929464F0094DC18 /* LibraryView.swift in Sources */ = {isa = PBXBuildFile; fileRef = 5092DF472929464F0094DC18 /* LibraryView.swift */; };
		5092DF4A2929465B0094DC18 /* SettingsView.swift in Sources */ = {isa = PBXBuildFile; fileRef = 5092DF492929465B0094DC18 /* SettingsView.swift */; };
		5092DF4E29294C3A0094DC18 /* DiscoveryView+builders.swift in Sources */ = {isa = PBXBuildFile; fileRef = 5092DF4D29294C3A0094DC18 /* DiscoveryView+builders.swift */; };
		5092DF51292957980094DC18 /* UIScreen+extension.swift in Sources */ = {isa = PBXBuildFile; fileRef = 5092DF50292957980094DC18 /* UIScreen+extension.swift */; };
		5092DF5629296FFA0094DC18 /* MangaDomain.swift in Sources */ = {isa = PBXBuildFile; fileRef = 5092DF5529296FFA0094DC18 /* MangaDomain.swift */; };
		5092DF59292971580094DC18 /* Localizable.strings in Resources */ = {isa = PBXBuildFile; fileRef = 5092DF5B292971580094DC18 /* Localizable.strings */; };
		5092DF5E292972F80094DC18 /* String+localized.swift in Sources */ = {isa = PBXBuildFile; fileRef = 5092DF5D292972F80094DC18 /* String+localized.swift */; };
		5092DF612929831D0094DC18 /* SourcePreferencesView.swift in Sources */ = {isa = PBXBuildFile; fileRef = 5092DF602929831D0094DC18 /* SourcePreferencesView.swift */; };
		5092DF6329298B9A0094DC18 /* SourcePreferencesView+builders.swift in Sources */ = {isa = PBXBuildFile; fileRef = 5092DF6229298B9A0094DC18 /* SourcePreferencesView+builders.swift */; };
		50BC960F292C674500DF13A5 /* SettingsViewModel.swift in Sources */ = {isa = PBXBuildFile; fileRef = 50BC960E292C674500DF13A5 /* SettingsViewModel.swift */; };
		50BC9611292C739E00DF13A5 /* SecurityLevel.swift in Sources */ = {isa = PBXBuildFile; fileRef = 50BC9610292C739E00DF13A5 /* SecurityLevel.swift */; };
		50CAD2E829383887000C1C0E /* MangaView+actions.swift in Sources */ = {isa = PBXBuildFile; fileRef = 50CAD2E729383887000C1C0E /* MangaView+actions.swift */; };
		50CAD2EA29383969000C1C0E /* MangaView+commons.swift in Sources */ = {isa = PBXBuildFile; fileRef = 50CAD2E929383969000C1C0E /* MangaView+commons.swift */; };
		50CAD2EC29383B04000C1C0E /* ALTracker+dates.swift in Sources */ = {isa = PBXBuildFile; fileRef = 50CAD2EB29383B04000C1C0E /* ALTracker+dates.swift */; };
		50CAD2EE29383B86000C1C0E /* ALTracker+states.swift in Sources */ = {isa = PBXBuildFile; fileRef = 50CAD2ED29383B86000C1C0E /* ALTracker+states.swift */; };
		50CAD2F029383BE9000C1C0E /* ALTracker+manga.swift in Sources */ = {isa = PBXBuildFile; fileRef = 50CAD2EF29383BE9000C1C0E /* ALTracker+manga.swift */; };
		50CE85BF2948C4EB00169922 /* RepresentableSheet+modifier.swift in Sources */ = {isa = PBXBuildFile; fileRef = 50CE85BE2948C4EB00169922 /* RepresentableSheet+modifier.swift */; };
		50CE85C12948C54900169922 /* RepresentableSheet.swift in Sources */ = {isa = PBXBuildFile; fileRef = 50CE85C02948C54900169922 /* RepresentableSheet.swift */; };
		50CE85C32948C56800169922 /* RepresentableSheet+configutation.swift in Sources */ = {isa = PBXBuildFile; fileRef = 50CE85C22948C56800169922 /* RepresentableSheet+configutation.swift */; };
		50CE85C62948C5A200169922 /* MeasureSize.swift in Sources */ = {isa = PBXBuildFile; fileRef = 50CE85C52948C5A200169922 /* MeasureSize.swift */; };
		50CE85C92948C61700169922 /* SizePreference.swift in Sources */ = {isa = PBXBuildFile; fileRef = 50CE85C82948C61700169922 /* SizePreference.swift */; };
		50D7F2852940AC8600FE4814 /* Constants.swift in Sources */ = {isa = PBXBuildFile; fileRef = 50D7F2842940AC8600FE4814 /* Constants.swift */; };
		50E02110293D276F001C85B5 /* DarkOverlay.swift in Sources */ = {isa = PBXBuildFile; fileRef = 50E0210F293D276F001C85B5 /* DarkOverlay.swift */; };
		50F44429292E4244001B3CF4 /* ChapterView.swift in Sources */ = {isa = PBXBuildFile; fileRef = 50F44428292E4244001B3CF4 /* ChapterView.swift */; };
		50F4442D292E43F9001B3CF4 /* ChapterView+builders.swift in Sources */ = {isa = PBXBuildFile; fileRef = 50F4442C292E43F9001B3CF4 /* ChapterView+builders.swift */; };
		50F44430292E4496001B3CF4 /* ChapterViewModel.swift in Sources */ = {isa = PBXBuildFile; fileRef = 50F4442F292E4496001B3CF4 /* ChapterViewModel.swift */; };
		50F44434292E5844001B3CF4 /* ReaderPreferencesView.swift in Sources */ = {isa = PBXBuildFile; fileRef = 50F44433292E5844001B3CF4 /* ReaderPreferencesView.swift */; };
		50F44437292E58A4001B3CF4 /* ReaderPreferencesView+builders.swift in Sources */ = {isa = PBXBuildFile; fileRef = 50F44436292E58A4001B3CF4 /* ReaderPreferencesView+builders.swift */; };
		50F4443A292E61CA001B3CF4 /* ChapterListStandardCell.swift in Sources */ = {isa = PBXBuildFile; fileRef = 50F44439292E61CA001B3CF4 /* ChapterListStandardCell.swift */; };
		50F4443C292E6638001B3CF4 /* PageLayout.swift in Sources */ = {isa = PBXBuildFile; fileRef = 50F4443B292E6638001B3CF4 /* PageLayout.swift */; };
		50F4443E292E6645001B3CF4 /* ReadingMode.swift in Sources */ = {isa = PBXBuildFile; fileRef = 50F4443D292E6645001B3CF4 /* ReadingMode.swift */; };
		50F44441292E9341001B3CF4 /* AlwaysPopover.swift in Sources */ = {isa = PBXBuildFile; fileRef = 50F44440292E9341001B3CF4 /* AlwaysPopover.swift */; };
		50F44444292E93D4001B3CF4 /* ContentViewController.swift in Sources */ = {isa = PBXBuildFile; fileRef = 50F44443292E93D4001B3CF4 /* ContentViewController.swift */; };
		50F44446292E93F8001B3CF4 /* AlwaysPopover+modifier.swift in Sources */ = {isa = PBXBuildFile; fileRef = 50F44445292E93F8001B3CF4 /* AlwaysPopover+modifier.swift */; };
		50F44448292E9442001B3CF4 /* UIView+extension.swift in Sources */ = {isa = PBXBuildFile; fileRef = 50F44447292E9442001B3CF4 /* UIView+extension.swift */; };
		50F4444A292F02CC001B3CF4 /* CGSize+extension.swift in Sources */ = {isa = PBXBuildFile; fileRef = 50F44449292F02CC001B3CF4 /* CGSize+extension.swift */; };
		50F4444D292F08AA001B3CF4 /* ReaderToolbar.swift in Sources */ = {isa = PBXBuildFile; fileRef = 50F4444C292F08AA001B3CF4 /* ReaderToolbar.swift */; };
		50F4444F292F08B9001B3CF4 /* ReaderToolbar+builders.swift in Sources */ = {isa = PBXBuildFile; fileRef = 50F4444E292F08B9001B3CF4 /* ReaderToolbar+builders.swift */; };
		50F44451292F0905001B3CF4 /* MangaReaderToolbar+modifier.swift in Sources */ = {isa = PBXBuildFile; fileRef = 50F44450292F0905001B3CF4 /* MangaReaderToolbar+modifier.swift */; };
		50F44454292F1B21001B3CF4 /* UISliderView.swift in Sources */ = {isa = PBXBuildFile; fileRef = 50F44453292F1B21001B3CF4 /* UISliderView.swift */; };
		50F6F676293BC7BF00142816 /* ActionPopUp+methods.swift in Sources */ = {isa = PBXBuildFile; fileRef = 50F6F675293BC7BF00142816 /* ActionPopUp+methods.swift */; };
		50FE08D0292D035600432F21 /* PrimaryGradient.swift in Sources */ = {isa = PBXBuildFile; fileRef = 50FE08CF292D035600432F21 /* PrimaryGradient.swift */; };
		50FE08D3292D05DC00432F21 /* LanguagesView+builders.swift in Sources */ = {isa = PBXBuildFile; fileRef = 50FE08D2292D05DC00432F21 /* LanguagesView+builders.swift */; };
		50FE08D5292D609700432F21 /* String+default.swift in Sources */ = {isa = PBXBuildFile; fileRef = 50FE08D4292D609700432F21 /* String+default.swift */; };
		50FE08D7292D826100432F21 /* Image+appImages.swift in Sources */ = {isa = PBXBuildFile; fileRef = 50FE08D6292D826100432F21 /* Image+appImages.swift */; };
		50FE08DA292D8A6900432F21 /* EnumPicker.swift in Sources */ = {isa = PBXBuildFile; fileRef = 50FE08D9292D8A6900432F21 /* EnumPicker.swift */; };
		50FE08DD292D9D0200432F21 /* WebsiteStandardCell.swift in Sources */ = {isa = PBXBuildFile; fileRef = 50FE08DC292D9D0200432F21 /* WebsiteStandardCell.swift */; };
		50FFAFDC292A668000B87E0E /* LanguagesView.swift in Sources */ = {isa = PBXBuildFile; fileRef = 50FFAFDB292A668000B87E0E /* LanguagesView.swift */; };
		50FFAFDF292A6A8F00B87E0E /* Language.swift in Sources */ = {isa = PBXBuildFile; fileRef = 50FFAFDE292A6A8F00B87E0E /* Language.swift */; };
		50FFAFE1292A6ACD00B87E0E /* MangaQuality.swift in Sources */ = {isa = PBXBuildFile; fileRef = 50FFAFE0292A6ACD00B87E0E /* MangaQuality.swift */; };
		50FFAFE3292A6AFE00B87E0E /* MangaStatus.swift in Sources */ = {isa = PBXBuildFile; fileRef = 50FFAFE2292A6AFE00B87E0E /* MangaStatus.swift */; };
		50FFAFE9292A81B100B87E0E /* MangaView.swift in Sources */ = {isa = PBXBuildFile; fileRef = 50FFAFE8292A81B100B87E0E /* MangaView.swift */; };
		50FFAFEC292A836300B87E0E /* MangaStandardCell.swift in Sources */ = {isa = PBXBuildFile; fileRef = 50FFAFEB292A836300B87E0E /* MangaStandardCell.swift */; };
		50FFAFEE292A83B800B87E0E /* MangaStandardCell+builders.swift in Sources */ = {isa = PBXBuildFile; fileRef = 50FFAFED292A83B800B87E0E /* MangaStandardCell+builders.swift */; };
		50FFAFF2292A84DB00B87E0E /* SearchStyleView.swift in Sources */ = {isa = PBXBuildFile; fileRef = 50FFAFF1292A84DB00B87E0E /* SearchStyleView.swift */; };
		50FFAFF4292A84EE00B87E0E /* InitialStyleView.swift in Sources */ = {isa = PBXBuildFile; fileRef = 50FFAFF3292A84EE00B87E0E /* InitialStyleView.swift */; };
		50FFAFF7292A8C8800B87E0E /* LibraryViewModel.swift in Sources */ = {isa = PBXBuildFile; fileRef = 50FFAFF6292A8C8800B87E0E /* LibraryViewModel.swift */; };
		50FFAFFA292A8FDF00B87E0E /* LibraryView+builders.swift in Sources */ = {isa = PBXBuildFile; fileRef = 50FFAFF9292A8FDF00B87E0E /* LibraryView+builders.swift */; };
		50FFAFFC292A986600B87E0E /* InitialStyleView+builders.swift in Sources */ = {isa = PBXBuildFile; fileRef = 50FFAFFB292A986600B87E0E /* InitialStyleView+builders.swift */; };
		50FFAFFF292A98C000B87E0E /* MangaStandardImage.swift in Sources */ = {isa = PBXBuildFile; fileRef = 50FFAFFE292A98C000B87E0E /* MangaStandardImage.swift */; };
		50FFB001292AA5CD00B87E0E /* SearchStyleView+builders.swift in Sources */ = {isa = PBXBuildFile; fileRef = 50FFB000292AA5CD00B87E0E /* SearchStyleView+builders.swift */; };
		50FFB004292AAD5700B87E0E /* BlurBackground.swift in Sources */ = {isa = PBXBuildFile; fileRef = 50FFB003292AAD5700B87E0E /* BlurBackground.swift */; };
		50FFB008292AB28E00B87E0E /* LibraryFilterView.swift in Sources */ = {isa = PBXBuildFile; fileRef = 50FFB007292AB28E00B87E0E /* LibraryFilterView.swift */; };
		50FFB00B292AB3DA00B87E0E /* LibraryFilterView+builders.swift in Sources */ = {isa = PBXBuildFile; fileRef = 50FFB00A292AB3DA00B87E0E /* LibraryFilterView+builders.swift */; };
		50FFB00D292ACDF100B87E0E /* ElementFilter.swift in Sources */ = {isa = PBXBuildFile; fileRef = 50FFB00C292ACDF100B87E0E /* ElementFilter.swift */; };
		50FFB00F292ACE0400B87E0E /* ObjectFilter.swift in Sources */ = {isa = PBXBuildFile; fileRef = 50FFB00E292ACE0400B87E0E /* ObjectFilter.swift */; };
		50FFB011292ACE6200B87E0E /* DemoPublic.swift in Sources */ = {isa = PBXBuildFile; fileRef = 50FFB010292ACE6200B87E0E /* DemoPublic.swift */; };
		50FFB013292AD35000B87E0E /* OrderFilter.swift in Sources */ = {isa = PBXBuildFile; fileRef = 50FFB012292AD35000B87E0E /* OrderFilter.swift */; };
		50FFB016292AE7B800B87E0E /* MangaView+builders.swift in Sources */ = {isa = PBXBuildFile; fileRef = 50FFB015292AE7B800B87E0E /* MangaView+builders.swift */; };
		771B766129DC788700F7CCB6 /* anilist_api.json in Resources */ = {isa = PBXBuildFile; fileRef = 771B766029DC788700F7CCB6 /* anilist_api.json */; };
		773845972A259E22007F1014 /* AniListAccountViewModel.swift in Sources */ = {isa = PBXBuildFile; fileRef = 773845962A259E22007F1014 /* AniListAccountViewModel.swift */; };
		7738459C2A25AF48007F1014 /* SafariWebView.swift in Sources */ = {isa = PBXBuildFile; fileRef = 7738459B2A25AF48007F1014 /* SafariWebView.swift */; };
		776220582A267D85004E93AF /* SocialCell.swift in Sources */ = {isa = PBXBuildFile; fileRef = 776220572A267D85004E93AF /* SocialCell.swift */; };
		7762205A2A267DA0004E93AF /* SocialCell+builders.swift in Sources */ = {isa = PBXBuildFile; fileRef = 776220592A267DA0004E93AF /* SocialCell+builders.swift */; };
		7762205D2A26BE51004E93AF /* AniListAccountView+tabs.swift in Sources */ = {isa = PBXBuildFile; fileRef = 7762205C2A26BE51004E93AF /* AniListAccountView+tabs.swift */; };
		7762205F2A26C046004E93AF /* AniListAccountView+main.swift in Sources */ = {isa = PBXBuildFile; fileRef = 7762205E2A26C046004E93AF /* AniListAccountView+main.swift */; };
		776220622A26D40A004E93AF /* ProfileTabs.swift in Sources */ = {isa = PBXBuildFile; fileRef = 776220612A26D40A004E93AF /* ProfileTabs.swift */; };
		776220642A26D429004E93AF /* SocialAction.swift in Sources */ = {isa = PBXBuildFile; fileRef = 776220632A26D429004E93AF /* SocialAction.swift */; };
		776323C22A16F776009B5966 /* AniListService in Frameworks */ = {isa = PBXBuildFile; productRef = 776323C12A16F776009B5966 /* AniListService */; };
		77640E54299E9A5C0076CB26 /* TrackerPopUp.swift in Sources */ = {isa = PBXBuildFile; fileRef = 77640E53299E9A5C0076CB26 /* TrackerPopUp.swift */; };
		77640E56299E9F440076CB26 /* TrackerPopUp+builders.swift in Sources */ = {isa = PBXBuildFile; fileRef = 77640E55299E9F440076CB26 /* TrackerPopUp+builders.swift */; };
		77829A1E2A2771530053262E /* AniListAccountView+charts.swift in Sources */ = {isa = PBXBuildFile; fileRef = 77829A1D2A2771530053262E /* AniListAccountView+charts.swift */; };
		77B188E42A1CE75B00B11378 /* Biometry.swift in Sources */ = {isa = PBXBuildFile; fileRef = 77B188E32A1CE75B00B11378 /* Biometry.swift */; };
		77B188E62A1CFC3900B11378 /* Keychain.swift in Sources */ = {isa = PBXBuildFile; fileRef = 77B188E52A1CFC3900B11378 /* Keychain.swift */; };
		77B188EE2A1E5B4300B11378 /* URLSession+extension.swift in Sources */ = {isa = PBXBuildFile; fileRef = 77B188ED2A1E5B4300B11378 /* URLSession+extension.swift */; };
		77B188F12A1E96B800B11378 /* AniListAccountView.swift in Sources */ = {isa = PBXBuildFile; fileRef = 77B188F02A1E96B800B11378 /* AniListAccountView.swift */; };
		77B188F52A1E9A1E00B11378 /* AppURLs.swift in Sources */ = {isa = PBXBuildFile; fileRef = 77B188F42A1E9A1E00B11378 /* AppURLs.swift */; };
		77EAE9F12A1EA2A800205562 /* AniListAccountView+builders.swift in Sources */ = {isa = PBXBuildFile; fileRef = 77EAE9F02A1EA2A800205562 /* AniListAccountView+builders.swift */; };
		77EAE9F32A1EDE7500205562 /* WebsiteStandardCell+builders.swift in Sources */ = {isa = PBXBuildFile; fileRef = 77EAE9F22A1EDE7500205562 /* WebsiteStandardCell+builders.swift */; };
		77EAE9F52A1EE1F800205562 /* SettingsView+ALSection.swift in Sources */ = {isa = PBXBuildFile; fileRef = 77EAE9F42A1EE1F800205562 /* SettingsView+ALSection.swift */; };
		77FACA4F29D1EBA200A5744A /* OutlinedTextFieldStyle.swift in Sources */ = {isa = PBXBuildFile; fileRef = 77FACA4E29D1EBA200A5744A /* OutlinedTextFieldStyle.swift */; };
		77FACA5129D30E2B00A5744A /* RoundedTextFieldStyle.swift in Sources */ = {isa = PBXBuildFile; fileRef = 77FACA5029D30E2B00A5744A /* RoundedTextFieldStyle.swift */; };
		77FACA5629D3167900A5744A /* BackgroundClearView.swift in Sources */ = {isa = PBXBuildFile; fileRef = 77FACA5529D3167900A5744A /* BackgroundClearView.swift */; };
		77FACA5929D3BADA00A5744A /* TrackerPopUpObserver.swift in Sources */ = {isa = PBXBuildFile; fileRef = 77FACA5829D3BAD900A5744A /* TrackerPopUpObserver.swift */; };
/* End PBXBuildFile section */

/* Begin PBXFileReference section */
		500183C5292C07580094B223 /* MangaViewModel.swift */ = {isa = PBXFileReference; lastKnownFileType = sourcecode.swift; path = MangaViewModel.swift; sourceTree = "<group>"; };
		500183C7292C0BB10094B223 /* MangaActions.swift */ = {isa = PBXFileReference; lastKnownFileType = sourcecode.swift; path = MangaActions.swift; sourceTree = "<group>"; };
		500183CA292C0CCA0094B223 /* ChapterStandardCell.swift */ = {isa = PBXFileReference; lastKnownFileType = sourcecode.swift; path = ChapterStandardCell.swift; sourceTree = "<group>"; };
		500183CC292C0D270094B223 /* ChapterStandardCell+builders.swift */ = {isa = PBXFileReference; lastKnownFileType = sourcecode.swift; path = "ChapterStandardCell+builders.swift"; sourceTree = "<group>"; };
		5007A5012933AE3300EAAB84 /* MangaView+editablle.swift */ = {isa = PBXFileReference; lastKnownFileType = sourcecode.swift; path = "MangaView+editablle.swift"; sourceTree = "<group>"; };
		500B9B6A2938F1DD00961753 /* HistoryView.swift */ = {isa = PBXFileReference; lastKnownFileType = sourcecode.swift; path = HistoryView.swift; sourceTree = "<group>"; };
		500DB59C292C608B00F398D6 /* SettingsView+builders.swift */ = {isa = PBXFileReference; lastKnownFileType = sourcecode.swift; path = "SettingsView+builders.swift"; sourceTree = "<group>"; };
		502E8E012935440C00881F40 /* NumberPicker.swift */ = {isa = PBXFileReference; lastKnownFileType = sourcecode.swift; path = NumberPicker.swift; sourceTree = "<group>"; };
		502E8E0429354E5200881F40 /* ALTrackerViewModel.swift */ = {isa = PBXFileReference; lastKnownFileType = sourcecode.swift; path = ALTrackerViewModel.swift; sourceTree = "<group>"; };
		502E8E062935511900881F40 /* AniListStatus.swift */ = {isa = PBXFileReference; lastKnownFileType = sourcecode.swift; path = AniListStatus.swift; sourceTree = "<group>"; };
		503019A32934212700F5645F /* UIApplication+extension.swift */ = {isa = PBXFileReference; lastKnownFileType = sourcecode.swift; path = "UIApplication+extension.swift"; sourceTree = "<group>"; };
		503019A6293455BD00F5645F /* ALTracker.swift */ = {isa = PBXFileReference; lastKnownFileType = sourcecode.swift; path = ALTracker.swift; sourceTree = "<group>"; };
		503019AA2934D85F00F5645F /* ALTracker+builders.swift */ = {isa = PBXFileReference; lastKnownFileType = sourcecode.swift; path = "ALTracker+builders.swift"; sourceTree = "<group>"; };
		505656382932580F0061FD15 /* ChapterMenu.swift */ = {isa = PBXFileReference; lastKnownFileType = sourcecode.swift; path = ChapterMenu.swift; sourceTree = "<group>"; };
		5056563B2932597F0061FD15 /* LanguagePicker.swift */ = {isa = PBXFileReference; lastKnownFileType = sourcecode.swift; path = LanguagePicker.swift; sourceTree = "<group>"; };
		50639B40293A32C100D8E3CB /* HistoryMangaCell.swift */ = {isa = PBXFileReference; lastKnownFileType = sourcecode.swift; path = HistoryMangaCell.swift; sourceTree = "<group>"; };
		50639B42293A36DF00D8E3CB /* HistoryChapterCell.swift */ = {isa = PBXFileReference; lastKnownFileType = sourcecode.swift; path = HistoryChapterCell.swift; sourceTree = "<group>"; };
		50639B45293A3CF700D8E3CB /* HistoryChapterCell+builders.swift */ = {isa = PBXFileReference; lastKnownFileType = sourcecode.swift; path = "HistoryChapterCell+builders.swift"; sourceTree = "<group>"; };
		50639B47293A3D3000D8E3CB /* HistoryMangaCell+builders.swift */ = {isa = PBXFileReference; lastKnownFileType = sourcecode.swift; path = "HistoryMangaCell+builders.swift"; sourceTree = "<group>"; };
		50639B4C293A486900D8E3CB /* MangaHistoryView.swift */ = {isa = PBXFileReference; lastKnownFileType = sourcecode.swift; path = MangaHistoryView.swift; sourceTree = "<group>"; };
		50639B4F293A494400D8E3CB /* MangaHistoryView+builders.swift */ = {isa = PBXFileReference; lastKnownFileType = sourcecode.swift; path = "MangaHistoryView+builders.swift"; sourceTree = "<group>"; };
		50639B53293A4C1800D8E3CB /* HistoryViewModel.swift */ = {isa = PBXFileReference; lastKnownFileType = sourcecode.swift; path = HistoryViewModel.swift; sourceTree = "<group>"; };
		50639B56293A4CE200D8E3CB /* HistoryView+builders.swift */ = {isa = PBXFileReference; lastKnownFileType = sourcecode.swift; path = "HistoryView+builders.swift"; sourceTree = "<group>"; };
		506D5752292B1E2900A0C529 /* ChapterDomain.swift */ = {isa = PBXFileReference; lastKnownFileType = sourcecode.swift; path = ChapterDomain.swift; sourceTree = "<group>"; };
		506EEBF729364D3300D89777 /* MangaView+filters.swift */ = {isa = PBXFileReference; lastKnownFileType = sourcecode.swift; path = "MangaView+filters.swift"; sourceTree = "<group>"; };
		507803D1292DB5F40041D5BD /* Carousel.swift */ = {isa = PBXFileReference; lastKnownFileType = sourcecode.swift; path = Carousel.swift; sourceTree = "<group>"; };
		507803D9292DC03C0041D5BD /* LoadingView.swift */ = {isa = PBXFileReference; lastKnownFileType = sourcecode.swift; path = LoadingView.swift; sourceTree = "<group>"; };
		507803DB292DC0530041D5BD /* ActivityIndicator.swift */ = {isa = PBXFileReference; lastKnownFileType = sourcecode.swift; path = ActivityIndicator.swift; sourceTree = "<group>"; };
		508C2DCC2950AB4800355F13 /* Orochii-Info.plist */ = {isa = PBXFileReference; lastKnownFileType = text.plist; path = "Orochii-Info.plist"; sourceTree = "<group>"; };
		508D1B8E2936FE900069012C /* ActionPopUp.swift */ = {isa = PBXFileReference; lastKnownFileType = sourcecode.swift; path = ActionPopUp.swift; sourceTree = "<group>"; };
		508D1B902937055A0069012C /* Haptics+extension.swift */ = {isa = PBXFileReference; lastKnownFileType = sourcecode.swift; path = "Haptics+extension.swift"; sourceTree = "<group>"; };
		5092DF2129292C590094DC18 /* Orochii.app */ = {isa = PBXFileReference; explicitFileType = wrapper.application; includeInIndex = 0; path = Orochii.app; sourceTree = BUILT_PRODUCTS_DIR; };
		5092DF2429292C590094DC18 /* OrochiApp.swift */ = {isa = PBXFileReference; lastKnownFileType = sourcecode.swift; path = OrochiApp.swift; sourceTree = "<group>"; };
		5092DF2829292C5C0094DC18 /* Assets.xcassets */ = {isa = PBXFileReference; lastKnownFileType = folder.assetcatalog; path = Assets.xcassets; sourceTree = "<group>"; };
		5092DF2B29292C5C0094DC18 /* Preview Assets.xcassets */ = {isa = PBXFileReference; lastKnownFileType = folder.assetcatalog; path = "Preview Assets.xcassets"; sourceTree = "<group>"; };
		5092DF34292942A30094DC18 /* DiscoverView.swift */ = {isa = PBXFileReference; lastKnownFileType = sourcecode.swift; path = DiscoverView.swift; sourceTree = "<group>"; };
		5092DF39292942CA0094DC18 /* DiscoverViewModel.swift */ = {isa = PBXFileReference; lastKnownFileType = sourcecode.swift; path = DiscoverViewModel.swift; sourceTree = "<group>"; };
		5092DF472929464F0094DC18 /* LibraryView.swift */ = {isa = PBXFileReference; lastKnownFileType = sourcecode.swift; path = LibraryView.swift; sourceTree = "<group>"; };
		5092DF492929465B0094DC18 /* SettingsView.swift */ = {isa = PBXFileReference; lastKnownFileType = sourcecode.swift; path = SettingsView.swift; sourceTree = "<group>"; };
		5092DF4D29294C3A0094DC18 /* DiscoveryView+builders.swift */ = {isa = PBXFileReference; lastKnownFileType = sourcecode.swift; path = "DiscoveryView+builders.swift"; sourceTree = "<group>"; };
		5092DF50292957980094DC18 /* UIScreen+extension.swift */ = {isa = PBXFileReference; lastKnownFileType = sourcecode.swift; path = "UIScreen+extension.swift"; sourceTree = "<group>"; };
		5092DF5529296FFA0094DC18 /* MangaDomain.swift */ = {isa = PBXFileReference; lastKnownFileType = sourcecode.swift; path = MangaDomain.swift; sourceTree = "<group>"; };
		5092DF5A292971580094DC18 /* en */ = {isa = PBXFileReference; lastKnownFileType = text.plist.strings; name = en; path = en.lproj/Localizable.strings; sourceTree = "<group>"; };
		5092DF5C292971B80094DC18 /* pt-BR */ = {isa = PBXFileReference; lastKnownFileType = text.plist.strings; name = "pt-BR"; path = "pt-BR.lproj/Localizable.strings"; sourceTree = "<group>"; };
		5092DF5D292972F80094DC18 /* String+localized.swift */ = {isa = PBXFileReference; lastKnownFileType = sourcecode.swift; path = "String+localized.swift"; sourceTree = "<group>"; };
		5092DF602929831D0094DC18 /* SourcePreferencesView.swift */ = {isa = PBXFileReference; lastKnownFileType = sourcecode.swift; path = SourcePreferencesView.swift; sourceTree = "<group>"; };
		5092DF6229298B9A0094DC18 /* SourcePreferencesView+builders.swift */ = {isa = PBXFileReference; lastKnownFileType = sourcecode.swift; path = "SourcePreferencesView+builders.swift"; sourceTree = "<group>"; };
		50BC960E292C674500DF13A5 /* SettingsViewModel.swift */ = {isa = PBXFileReference; lastKnownFileType = sourcecode.swift; path = SettingsViewModel.swift; sourceTree = "<group>"; };
		50BC9610292C739E00DF13A5 /* SecurityLevel.swift */ = {isa = PBXFileReference; lastKnownFileType = sourcecode.swift; path = SecurityLevel.swift; sourceTree = "<group>"; };
		50CAD2E729383887000C1C0E /* MangaView+actions.swift */ = {isa = PBXFileReference; lastKnownFileType = sourcecode.swift; path = "MangaView+actions.swift"; sourceTree = "<group>"; };
		50CAD2E929383969000C1C0E /* MangaView+commons.swift */ = {isa = PBXFileReference; lastKnownFileType = sourcecode.swift; path = "MangaView+commons.swift"; sourceTree = "<group>"; };
		50CAD2EB29383B04000C1C0E /* ALTracker+dates.swift */ = {isa = PBXFileReference; lastKnownFileType = sourcecode.swift; path = "ALTracker+dates.swift"; sourceTree = "<group>"; };
		50CAD2ED29383B86000C1C0E /* ALTracker+states.swift */ = {isa = PBXFileReference; lastKnownFileType = sourcecode.swift; path = "ALTracker+states.swift"; sourceTree = "<group>"; };
		50CAD2EF29383BE9000C1C0E /* ALTracker+manga.swift */ = {isa = PBXFileReference; lastKnownFileType = sourcecode.swift; path = "ALTracker+manga.swift"; sourceTree = "<group>"; };
		50CE85BE2948C4EB00169922 /* RepresentableSheet+modifier.swift */ = {isa = PBXFileReference; lastKnownFileType = sourcecode.swift; path = "RepresentableSheet+modifier.swift"; sourceTree = "<group>"; };
		50CE85C02948C54900169922 /* RepresentableSheet.swift */ = {isa = PBXFileReference; lastKnownFileType = sourcecode.swift; path = RepresentableSheet.swift; sourceTree = "<group>"; };
		50CE85C22948C56800169922 /* RepresentableSheet+configutation.swift */ = {isa = PBXFileReference; lastKnownFileType = sourcecode.swift; path = "RepresentableSheet+configutation.swift"; sourceTree = "<group>"; };
		50CE85C52948C5A200169922 /* MeasureSize.swift */ = {isa = PBXFileReference; lastKnownFileType = sourcecode.swift; path = MeasureSize.swift; sourceTree = "<group>"; };
		50CE85C82948C61700169922 /* SizePreference.swift */ = {isa = PBXFileReference; lastKnownFileType = sourcecode.swift; path = SizePreference.swift; sourceTree = "<group>"; };
		50D7F2842940AC8600FE4814 /* Constants.swift */ = {isa = PBXFileReference; lastKnownFileType = sourcecode.swift; path = Constants.swift; sourceTree = "<group>"; };
		50E0210F293D276F001C85B5 /* DarkOverlay.swift */ = {isa = PBXFileReference; lastKnownFileType = sourcecode.swift; path = DarkOverlay.swift; sourceTree = "<group>"; };
		50F44428292E4244001B3CF4 /* ChapterView.swift */ = {isa = PBXFileReference; lastKnownFileType = sourcecode.swift; path = ChapterView.swift; sourceTree = "<group>"; };
		50F4442C292E43F9001B3CF4 /* ChapterView+builders.swift */ = {isa = PBXFileReference; lastKnownFileType = sourcecode.swift; path = "ChapterView+builders.swift"; sourceTree = "<group>"; };
		50F4442F292E4496001B3CF4 /* ChapterViewModel.swift */ = {isa = PBXFileReference; lastKnownFileType = sourcecode.swift; path = ChapterViewModel.swift; sourceTree = "<group>"; };
		50F44433292E5844001B3CF4 /* ReaderPreferencesView.swift */ = {isa = PBXFileReference; lastKnownFileType = sourcecode.swift; path = ReaderPreferencesView.swift; sourceTree = "<group>"; };
		50F44436292E58A4001B3CF4 /* ReaderPreferencesView+builders.swift */ = {isa = PBXFileReference; lastKnownFileType = sourcecode.swift; path = "ReaderPreferencesView+builders.swift"; sourceTree = "<group>"; };
		50F44439292E61CA001B3CF4 /* ChapterListStandardCell.swift */ = {isa = PBXFileReference; lastKnownFileType = sourcecode.swift; path = ChapterListStandardCell.swift; sourceTree = "<group>"; };
		50F4443B292E6638001B3CF4 /* PageLayout.swift */ = {isa = PBXFileReference; lastKnownFileType = sourcecode.swift; path = PageLayout.swift; sourceTree = "<group>"; };
		50F4443D292E6645001B3CF4 /* ReadingMode.swift */ = {isa = PBXFileReference; lastKnownFileType = sourcecode.swift; path = ReadingMode.swift; sourceTree = "<group>"; };
		50F44440292E9341001B3CF4 /* AlwaysPopover.swift */ = {isa = PBXFileReference; lastKnownFileType = sourcecode.swift; path = AlwaysPopover.swift; sourceTree = "<group>"; };
		50F44443292E93D4001B3CF4 /* ContentViewController.swift */ = {isa = PBXFileReference; lastKnownFileType = sourcecode.swift; path = ContentViewController.swift; sourceTree = "<group>"; };
		50F44445292E93F8001B3CF4 /* AlwaysPopover+modifier.swift */ = {isa = PBXFileReference; lastKnownFileType = sourcecode.swift; path = "AlwaysPopover+modifier.swift"; sourceTree = "<group>"; };
		50F44447292E9442001B3CF4 /* UIView+extension.swift */ = {isa = PBXFileReference; lastKnownFileType = sourcecode.swift; path = "UIView+extension.swift"; sourceTree = "<group>"; };
		50F44449292F02CC001B3CF4 /* CGSize+extension.swift */ = {isa = PBXFileReference; lastKnownFileType = sourcecode.swift; path = "CGSize+extension.swift"; sourceTree = "<group>"; };
		50F4444C292F08AA001B3CF4 /* ReaderToolbar.swift */ = {isa = PBXFileReference; lastKnownFileType = sourcecode.swift; path = ReaderToolbar.swift; sourceTree = "<group>"; };
		50F4444E292F08B9001B3CF4 /* ReaderToolbar+builders.swift */ = {isa = PBXFileReference; lastKnownFileType = sourcecode.swift; path = "ReaderToolbar+builders.swift"; sourceTree = "<group>"; };
		50F44450292F0905001B3CF4 /* MangaReaderToolbar+modifier.swift */ = {isa = PBXFileReference; lastKnownFileType = sourcecode.swift; path = "MangaReaderToolbar+modifier.swift"; sourceTree = "<group>"; };
		50F44453292F1B21001B3CF4 /* UISliderView.swift */ = {isa = PBXFileReference; lastKnownFileType = sourcecode.swift; path = UISliderView.swift; sourceTree = "<group>"; };
		50F6F675293BC7BF00142816 /* ActionPopUp+methods.swift */ = {isa = PBXFileReference; lastKnownFileType = sourcecode.swift; path = "ActionPopUp+methods.swift"; sourceTree = "<group>"; };
		50FE08CF292D035600432F21 /* PrimaryGradient.swift */ = {isa = PBXFileReference; lastKnownFileType = sourcecode.swift; path = PrimaryGradient.swift; sourceTree = "<group>"; };
		50FE08D2292D05DC00432F21 /* LanguagesView+builders.swift */ = {isa = PBXFileReference; lastKnownFileType = sourcecode.swift; path = "LanguagesView+builders.swift"; sourceTree = "<group>"; };
		50FE08D4292D609700432F21 /* String+default.swift */ = {isa = PBXFileReference; lastKnownFileType = sourcecode.swift; path = "String+default.swift"; sourceTree = "<group>"; };
		50FE08D6292D826100432F21 /* Image+appImages.swift */ = {isa = PBXFileReference; lastKnownFileType = sourcecode.swift; path = "Image+appImages.swift"; sourceTree = "<group>"; };
		50FE08D9292D8A6900432F21 /* EnumPicker.swift */ = {isa = PBXFileReference; lastKnownFileType = sourcecode.swift; path = EnumPicker.swift; sourceTree = "<group>"; };
		50FE08DC292D9D0200432F21 /* WebsiteStandardCell.swift */ = {isa = PBXFileReference; lastKnownFileType = sourcecode.swift; path = WebsiteStandardCell.swift; sourceTree = "<group>"; };
		50FFAFDB292A668000B87E0E /* LanguagesView.swift */ = {isa = PBXFileReference; lastKnownFileType = sourcecode.swift; path = LanguagesView.swift; sourceTree = "<group>"; };
		50FFAFDE292A6A8F00B87E0E /* Language.swift */ = {isa = PBXFileReference; lastKnownFileType = sourcecode.swift; path = Language.swift; sourceTree = "<group>"; };
		50FFAFE0292A6ACD00B87E0E /* MangaQuality.swift */ = {isa = PBXFileReference; lastKnownFileType = sourcecode.swift; path = MangaQuality.swift; sourceTree = "<group>"; };
		50FFAFE2292A6AFE00B87E0E /* MangaStatus.swift */ = {isa = PBXFileReference; lastKnownFileType = sourcecode.swift; path = MangaStatus.swift; sourceTree = "<group>"; };
		50FFAFE8292A81B100B87E0E /* MangaView.swift */ = {isa = PBXFileReference; lastKnownFileType = sourcecode.swift; path = MangaView.swift; sourceTree = "<group>"; };
		50FFAFEB292A836300B87E0E /* MangaStandardCell.swift */ = {isa = PBXFileReference; lastKnownFileType = sourcecode.swift; path = MangaStandardCell.swift; sourceTree = "<group>"; };
		50FFAFED292A83B800B87E0E /* MangaStandardCell+builders.swift */ = {isa = PBXFileReference; lastKnownFileType = sourcecode.swift; path = "MangaStandardCell+builders.swift"; sourceTree = "<group>"; };
		50FFAFF1292A84DB00B87E0E /* SearchStyleView.swift */ = {isa = PBXFileReference; lastKnownFileType = sourcecode.swift; path = SearchStyleView.swift; sourceTree = "<group>"; };
		50FFAFF3292A84EE00B87E0E /* InitialStyleView.swift */ = {isa = PBXFileReference; lastKnownFileType = sourcecode.swift; path = InitialStyleView.swift; sourceTree = "<group>"; };
		50FFAFF6292A8C8800B87E0E /* LibraryViewModel.swift */ = {isa = PBXFileReference; lastKnownFileType = sourcecode.swift; path = LibraryViewModel.swift; sourceTree = "<group>"; };
		50FFAFF9292A8FDF00B87E0E /* LibraryView+builders.swift */ = {isa = PBXFileReference; lastKnownFileType = sourcecode.swift; path = "LibraryView+builders.swift"; sourceTree = "<group>"; };
		50FFAFFB292A986600B87E0E /* InitialStyleView+builders.swift */ = {isa = PBXFileReference; lastKnownFileType = sourcecode.swift; path = "InitialStyleView+builders.swift"; sourceTree = "<group>"; };
		50FFAFFE292A98C000B87E0E /* MangaStandardImage.swift */ = {isa = PBXFileReference; lastKnownFileType = sourcecode.swift; path = MangaStandardImage.swift; sourceTree = "<group>"; };
		50FFB000292AA5CD00B87E0E /* SearchStyleView+builders.swift */ = {isa = PBXFileReference; lastKnownFileType = sourcecode.swift; path = "SearchStyleView+builders.swift"; sourceTree = "<group>"; };
		50FFB003292AAD5700B87E0E /* BlurBackground.swift */ = {isa = PBXFileReference; lastKnownFileType = sourcecode.swift; path = BlurBackground.swift; sourceTree = "<group>"; };
		50FFB007292AB28E00B87E0E /* LibraryFilterView.swift */ = {isa = PBXFileReference; lastKnownFileType = sourcecode.swift; path = LibraryFilterView.swift; sourceTree = "<group>"; };
		50FFB00A292AB3DA00B87E0E /* LibraryFilterView+builders.swift */ = {isa = PBXFileReference; lastKnownFileType = sourcecode.swift; path = "LibraryFilterView+builders.swift"; sourceTree = "<group>"; };
		50FFB00C292ACDF100B87E0E /* ElementFilter.swift */ = {isa = PBXFileReference; lastKnownFileType = sourcecode.swift; path = ElementFilter.swift; sourceTree = "<group>"; };
		50FFB00E292ACE0400B87E0E /* ObjectFilter.swift */ = {isa = PBXFileReference; lastKnownFileType = sourcecode.swift; path = ObjectFilter.swift; sourceTree = "<group>"; };
		50FFB010292ACE6200B87E0E /* DemoPublic.swift */ = {isa = PBXFileReference; lastKnownFileType = sourcecode.swift; path = DemoPublic.swift; sourceTree = "<group>"; };
		50FFB012292AD35000B87E0E /* OrderFilter.swift */ = {isa = PBXFileReference; lastKnownFileType = sourcecode.swift; path = OrderFilter.swift; sourceTree = "<group>"; };
		50FFB015292AE7B800B87E0E /* MangaView+builders.swift */ = {isa = PBXFileReference; lastKnownFileType = sourcecode.swift; path = "MangaView+builders.swift"; sourceTree = "<group>"; };
		771B766029DC788700F7CCB6 /* anilist_api.json */ = {isa = PBXFileReference; lastKnownFileType = text.json; path = anilist_api.json; sourceTree = "<group>"; };
		773845962A259E22007F1014 /* AniListAccountViewModel.swift */ = {isa = PBXFileReference; lastKnownFileType = sourcecode.swift; path = AniListAccountViewModel.swift; sourceTree = "<group>"; };
		7738459B2A25AF48007F1014 /* SafariWebView.swift */ = {isa = PBXFileReference; lastKnownFileType = sourcecode.swift; path = SafariWebView.swift; sourceTree = "<group>"; };
		776220572A267D85004E93AF /* SocialCell.swift */ = {isa = PBXFileReference; lastKnownFileType = sourcecode.swift; path = SocialCell.swift; sourceTree = "<group>"; };
		776220592A267DA0004E93AF /* SocialCell+builders.swift */ = {isa = PBXFileReference; lastKnownFileType = sourcecode.swift; path = "SocialCell+builders.swift"; sourceTree = "<group>"; };
		7762205C2A26BE51004E93AF /* AniListAccountView+tabs.swift */ = {isa = PBXFileReference; lastKnownFileType = sourcecode.swift; path = "AniListAccountView+tabs.swift"; sourceTree = "<group>"; };
		7762205E2A26C046004E93AF /* AniListAccountView+main.swift */ = {isa = PBXFileReference; lastKnownFileType = sourcecode.swift; path = "AniListAccountView+main.swift"; sourceTree = "<group>"; };
		776220612A26D40A004E93AF /* ProfileTabs.swift */ = {isa = PBXFileReference; lastKnownFileType = sourcecode.swift; path = ProfileTabs.swift; sourceTree = "<group>"; };
		776220632A26D429004E93AF /* SocialAction.swift */ = {isa = PBXFileReference; lastKnownFileType = sourcecode.swift; path = SocialAction.swift; sourceTree = "<group>"; };
		77640E53299E9A5C0076CB26 /* TrackerPopUp.swift */ = {isa = PBXFileReference; lastKnownFileType = sourcecode.swift; path = TrackerPopUp.swift; sourceTree = "<group>"; };
		77640E55299E9F440076CB26 /* TrackerPopUp+builders.swift */ = {isa = PBXFileReference; lastKnownFileType = sourcecode.swift; path = "TrackerPopUp+builders.swift"; sourceTree = "<group>"; };
		77829A1D2A2771530053262E /* AniListAccountView+charts.swift */ = {isa = PBXFileReference; lastKnownFileType = sourcecode.swift; path = "AniListAccountView+charts.swift"; sourceTree = "<group>"; };
		77B188E32A1CE75B00B11378 /* Biometry.swift */ = {isa = PBXFileReference; lastKnownFileType = sourcecode.swift; path = Biometry.swift; sourceTree = "<group>"; };
		77B188E52A1CFC3900B11378 /* Keychain.swift */ = {isa = PBXFileReference; lastKnownFileType = sourcecode.swift; path = Keychain.swift; sourceTree = "<group>"; };
		77B188ED2A1E5B4300B11378 /* URLSession+extension.swift */ = {isa = PBXFileReference; lastKnownFileType = sourcecode.swift; path = "URLSession+extension.swift"; sourceTree = "<group>"; };
		77B188F02A1E96B800B11378 /* AniListAccountView.swift */ = {isa = PBXFileReference; lastKnownFileType = sourcecode.swift; path = AniListAccountView.swift; sourceTree = "<group>"; };
		77B188F42A1E9A1E00B11378 /* AppURLs.swift */ = {isa = PBXFileReference; lastKnownFileType = sourcecode.swift; path = AppURLs.swift; sourceTree = "<group>"; };
		77EAE9F02A1EA2A800205562 /* AniListAccountView+builders.swift */ = {isa = PBXFileReference; lastKnownFileType = sourcecode.swift; path = "AniListAccountView+builders.swift"; sourceTree = "<group>"; };
		77EAE9F22A1EDE7500205562 /* WebsiteStandardCell+builders.swift */ = {isa = PBXFileReference; lastKnownFileType = sourcecode.swift; path = "WebsiteStandardCell+builders.swift"; sourceTree = "<group>"; };
		77EAE9F42A1EE1F800205562 /* SettingsView+ALSection.swift */ = {isa = PBXFileReference; lastKnownFileType = sourcecode.swift; path = "SettingsView+ALSection.swift"; sourceTree = "<group>"; };
		77FACA4E29D1EBA200A5744A /* OutlinedTextFieldStyle.swift */ = {isa = PBXFileReference; lastKnownFileType = sourcecode.swift; path = OutlinedTextFieldStyle.swift; sourceTree = "<group>"; };
		77FACA5029D30E2B00A5744A /* RoundedTextFieldStyle.swift */ = {isa = PBXFileReference; lastKnownFileType = sourcecode.swift; path = RoundedTextFieldStyle.swift; sourceTree = "<group>"; };
		77FACA5529D3167900A5744A /* BackgroundClearView.swift */ = {isa = PBXFileReference; lastKnownFileType = sourcecode.swift; path = BackgroundClearView.swift; sourceTree = "<group>"; };
		77FACA5829D3BAD900A5744A /* TrackerPopUpObserver.swift */ = {isa = PBXFileReference; lastKnownFileType = sourcecode.swift; path = TrackerPopUpObserver.swift; sourceTree = "<group>"; };
/* End PBXFileReference section */

/* Begin PBXFrameworksBuildPhase section */
		5092DF1E29292C590094DC18 /* Frameworks */ = {
			isa = PBXFrameworksBuildPhase;
			buildActionMask = 2147483647;
			files = (
				776323C22A16F776009B5966 /* AniListService in Frameworks */,
			);
			runOnlyForDeploymentPostprocessing = 0;
		};
/* End PBXFrameworksBuildPhase section */

/* Begin PBXGroup section */
		500183C4292C07480094B223 /* ViewModel */ = {
			isa = PBXGroup;
			children = (
				500183C5292C07580094B223 /* MangaViewModel.swift */,
			);
			path = ViewModel;
			sourceTree = "<group>";
		};
		500183C9292C0CB60094B223 /* ChapterStandardCell */ = {
			isa = PBXGroup;
			children = (
				500183CA292C0CCA0094B223 /* ChapterStandardCell.swift */,
				500183CC292C0D270094B223 /* ChapterStandardCell+builders.swift */,
			);
			path = ChapterStandardCell;
			sourceTree = "<group>";
		};
		500B9B692938F1C800961753 /* History */ = {
			isa = PBXGroup;
			children = (
				50639B55293A4CCF00D8E3CB /* Extensions */,
				50639B52293A4C0900D8E3CB /* ViewModel */,
				50639B51293A4C0500D8E3CB /* View */,
			);
			path = History;
			sourceTree = "<group>";
		};
		500DB59B292C606D00F398D6 /* Extensions */ = {
			isa = PBXGroup;
			children = (
				500DB59C292C608B00F398D6 /* SettingsView+builders.swift */,
				77EAE9F42A1EE1F800205562 /* SettingsView+ALSection.swift */,
			);
			path = Extensions;
			sourceTree = "<group>";
		};
		502E8DFF293543F200881F40 /* NumberPicker */ = {
			isa = PBXGroup;
			children = (
				502E8E012935440C00881F40 /* NumberPicker.swift */,
			);
			path = NumberPicker;
			sourceTree = "<group>";
		};
		502E8E0329354E3800881F40 /* ViewModel */ = {
			isa = PBXGroup;
			children = (
				502E8E0429354E5200881F40 /* ALTrackerViewModel.swift */,
			);
			path = ViewModel;
			sourceTree = "<group>";
		};
		503019A52934559100F5645F /* AniList Tracker */ = {
			isa = PBXGroup;
			children = (
				502E8E0329354E3800881F40 /* ViewModel */,
				503019A92934D84400F5645F /* Extensions */,
				503019A82934D83400F5645F /* View */,
			);
			path = "AniList Tracker";
			sourceTree = "<group>";
		};
		503019A82934D83400F5645F /* View */ = {
			isa = PBXGroup;
			children = (
				503019A6293455BD00F5645F /* ALTracker.swift */,
			);
			path = View;
			sourceTree = "<group>";
		};
		503019A92934D84400F5645F /* Extensions */ = {
			isa = PBXGroup;
			children = (
				503019AA2934D85F00F5645F /* ALTracker+builders.swift */,
				50CAD2EB29383B04000C1C0E /* ALTracker+dates.swift */,
				50CAD2ED29383B86000C1C0E /* ALTracker+states.swift */,
				50CAD2EF29383BE9000C1C0E /* ALTracker+manga.swift */,
			);
			path = Extensions;
			sourceTree = "<group>";
		};
		50565636293257D80061FD15 /* Menus */ = {
			isa = PBXGroup;
			children = (
				50565637293257F90061FD15 /* ChapterMenu */,
			);
			path = Menus;
			sourceTree = "<group>";
		};
		50565637293257F90061FD15 /* ChapterMenu */ = {
			isa = PBXGroup;
			children = (
				505656382932580F0061FD15 /* ChapterMenu.swift */,
			);
			path = ChapterMenu;
			sourceTree = "<group>";
		};
		5056563A293259600061FD15 /* LanguagePicker */ = {
			isa = PBXGroup;
			children = (
				5056563B2932597F0061FD15 /* LanguagePicker.swift */,
			);
			path = LanguagePicker;
			sourceTree = "<group>";
		};
		50639B3F293A32AB00D8E3CB /* HistoryMangaCell */ = {
			isa = PBXGroup;
			children = (
				50639B40293A32C100D8E3CB /* HistoryMangaCell.swift */,
				50639B47293A3D3000D8E3CB /* HistoryMangaCell+builders.swift */,
			);
			path = HistoryMangaCell;
			sourceTree = "<group>";
		};
		50639B44293A3A8100D8E3CB /* HistoryChapterCell */ = {
			isa = PBXGroup;
			children = (
				50639B42293A36DF00D8E3CB /* HistoryChapterCell.swift */,
				50639B45293A3CF700D8E3CB /* HistoryChapterCell+builders.swift */,
			);
			path = HistoryChapterCell;
			sourceTree = "<group>";
		};
		50639B49293A483E00D8E3CB /* Manga History */ = {
			isa = PBXGroup;
			children = (
				50639B4E293A493500D8E3CB /* Extensions */,
				50639B4B293A485E00D8E3CB /* View */,
			);
			path = "Manga History";
			sourceTree = "<group>";
		};
		50639B4B293A485E00D8E3CB /* View */ = {
			isa = PBXGroup;
			children = (
				50639B4C293A486900D8E3CB /* MangaHistoryView.swift */,
			);
			path = View;
			sourceTree = "<group>";
		};
		50639B4E293A493500D8E3CB /* Extensions */ = {
			isa = PBXGroup;
			children = (
				50639B4F293A494400D8E3CB /* MangaHistoryView+builders.swift */,
			);
			path = Extensions;
			sourceTree = "<group>";
		};
		50639B51293A4C0500D8E3CB /* View */ = {
			isa = PBXGroup;
			children = (
				500B9B6A2938F1DD00961753 /* HistoryView.swift */,
			);
			path = View;
			sourceTree = "<group>";
		};
		50639B52293A4C0900D8E3CB /* ViewModel */ = {
			isa = PBXGroup;
			children = (
				50639B53293A4C1800D8E3CB /* HistoryViewModel.swift */,
			);
			path = ViewModel;
			sourceTree = "<group>";
		};
		50639B55293A4CCF00D8E3CB /* Extensions */ = {
			isa = PBXGroup;
			children = (
				50639B56293A4CE200D8E3CB /* HistoryView+builders.swift */,
			);
			path = Extensions;
			sourceTree = "<group>";
		};
		507803D4292DBF940041D5BD /* Loading */ = {
			isa = PBXGroup;
			children = (
				507803D9292DC03C0041D5BD /* LoadingView.swift */,
				507803DB292DC0530041D5BD /* ActivityIndicator.swift */,
			);
			path = Loading;
			sourceTree = "<group>";
		};
		508D1B8D2936FE7B0069012C /* PopUp */ = {
			isa = PBXGroup;
			children = (
				50F6F677293BC7C300142816 /* Extensions */,
				50F6F674293BC78D00142816 /* View */,
			);
			path = PopUp;
			sourceTree = "<group>";
		};
		5092DF1829292C590094DC18 = {
			isa = PBXGroup;
			children = (
				508C2DCC2950AB4800355F13 /* Orochii-Info.plist */,
				5092DF2329292C590094DC18 /* Orochi */,
				5092DF2229292C590094DC18 /* Products */,
				776323BC2A16F000009B5966 /* Frameworks */,
			);
			sourceTree = "<group>";
		};
		5092DF2229292C590094DC18 /* Products */ = {
			isa = PBXGroup;
			children = (
				5092DF2129292C590094DC18 /* Orochii.app */,
			);
			name = Products;
			sourceTree = "<group>";
		};
		5092DF2329292C590094DC18 /* Orochi */ = {
			isa = PBXGroup;
			children = (
				5092DF2429292C590094DC18 /* OrochiApp.swift */,
				50D7F2832940AC7300FE4814 /* Constants */,
				50FFAFDD292A6A7F00B87E0E /* Enums */,
				5092DF4F292957770094DC18 /* Extensions */,
				5092DF5429296FE10094DC18 /* Model */,
				50F4443F292E9293001B3CF4 /* Modifiers */,
				5092DF2A29292C5C0094DC18 /* Preview Content */,
				5092DF33292942820094DC18 /* Resources */,
				5092DF322929427C0094DC18 /* Scenes */,
				77B188DF2A1CE01D00B11378 /* Services */,
				50FFAFEA292A832F00B87E0E /* Shared */,
			);
			path = Orochi;
			sourceTree = "<group>";
		};
		5092DF2A29292C5C0094DC18 /* Preview Content */ = {
			isa = PBXGroup;
			children = (
				5092DF2B29292C5C0094DC18 /* Preview Assets.xcassets */,
			);
			path = "Preview Content";
			sourceTree = "<group>";
		};
		5092DF322929427C0094DC18 /* Scenes */ = {
			isa = PBXGroup;
			children = (
				77B188EF2A1E969100B11378 /* AniList Account */,
				503019A52934559100F5645F /* AniList Tracker */,
				50F44427292E4236001B3CF4 /* Chapter */,
				50FFAFE4292A73F400B87E0E /* Languages */,
				50FFB005292AB15F00B87E0E /* Library Filter */,
				50FFAFE6292A819C00B87E0E /* Manga */,
				50639B49293A483E00D8E3CB /* Manga History */,
				50F6F688293C33AB00142816 /* Preferences */,
				50F6F687293C333200142816 /* Tabs */,
			);
			path = Scenes;
			sourceTree = "<group>";
		};
		5092DF33292942820094DC18 /* Resources */ = {
			isa = PBXGroup;
			children = (
				771B766029DC788700F7CCB6 /* anilist_api.json */,
				5092DF5B292971580094DC18 /* Localizable.strings */,
				5092DF2829292C5C0094DC18 /* Assets.xcassets */,
			);
			path = Resources;
			sourceTree = "<group>";
		};
		5092DF36292942A80094DC18 /* Discover */ = {
			isa = PBXGroup;
			children = (
				50FFAFF0292A84AB00B87E0E /* Extensions */,
				5092DF38292942B60094DC18 /* ViewModel */,
				5092DF37292942B20094DC18 /* View */,
			);
			path = Discover;
			sourceTree = "<group>";
		};
		5092DF37292942B20094DC18 /* View */ = {
			isa = PBXGroup;
			children = (
				5092DF34292942A30094DC18 /* DiscoverView.swift */,
				50FFAFF1292A84DB00B87E0E /* SearchStyleView.swift */,
				50FFAFF3292A84EE00B87E0E /* InitialStyleView.swift */,
			);
			path = View;
			sourceTree = "<group>";
		};
		5092DF38292942B60094DC18 /* ViewModel */ = {
			isa = PBXGroup;
			children = (
				5092DF39292942CA0094DC18 /* DiscoverViewModel.swift */,
			);
			path = ViewModel;
			sourceTree = "<group>";
		};
		5092DF45292946340094DC18 /* Settings */ = {
			isa = PBXGroup;
			children = (
				50BC960D292C673200DF13A5 /* ViewModel */,
				500DB59B292C606D00F398D6 /* Extensions */,
				5092DF4B2929469D0094DC18 /* View */,
			);
			path = Settings;
			sourceTree = "<group>";
		};
		5092DF46292946410094DC18 /* Library */ = {
			isa = PBXGroup;
			children = (
				50FFAFF8292A8FC600B87E0E /* Extensions */,
				50FFAFF5292A8C7B00B87E0E /* ViewModel */,
				5092DF4C292946AC0094DC18 /* View */,
			);
			path = Library;
			sourceTree = "<group>";
		};
		5092DF4B2929469D0094DC18 /* View */ = {
			isa = PBXGroup;
			children = (
				5092DF492929465B0094DC18 /* SettingsView.swift */,
			);
			path = View;
			sourceTree = "<group>";
		};
		5092DF4C292946AC0094DC18 /* View */ = {
			isa = PBXGroup;
			children = (
				5092DF472929464F0094DC18 /* LibraryView.swift */,
			);
			path = View;
			sourceTree = "<group>";
		};
		5092DF4F292957770094DC18 /* Extensions */ = {
			isa = PBXGroup;
			children = (
				5092DF50292957980094DC18 /* UIScreen+extension.swift */,
				5092DF5D292972F80094DC18 /* String+localized.swift */,
				50FE08D4292D609700432F21 /* String+default.swift */,
				50FE08D6292D826100432F21 /* Image+appImages.swift */,
				50F44447292E9442001B3CF4 /* UIView+extension.swift */,
				50F44449292F02CC001B3CF4 /* CGSize+extension.swift */,
				503019A32934212700F5645F /* UIApplication+extension.swift */,
				508D1B902937055A0069012C /* Haptics+extension.swift */,
				77B188ED2A1E5B4300B11378 /* URLSession+extension.swift */,
			);
			path = Extensions;
			sourceTree = "<group>";
		};
		5092DF5429296FE10094DC18 /* Model */ = {
			isa = PBXGroup;
			children = (
				5092DF5529296FFA0094DC18 /* MangaDomain.swift */,
				506D5752292B1E2900A0C529 /* ChapterDomain.swift */,
			);
			path = Model;
			sourceTree = "<group>";
		};
		5092DF5F292983050094DC18 /* Source Preferences */ = {
			isa = PBXGroup;
			children = (
				5092DF602929831D0094DC18 /* SourcePreferencesView.swift */,
				5092DF6229298B9A0094DC18 /* SourcePreferencesView+builders.swift */,
			);
			path = "Source Preferences";
			sourceTree = "<group>";
		};
		50BC960D292C673200DF13A5 /* ViewModel */ = {
			isa = PBXGroup;
			children = (
				50BC960E292C674500DF13A5 /* SettingsViewModel.swift */,
			);
			path = ViewModel;
			sourceTree = "<group>";
		};
		50CAD2F129384D8F000C1C0E /* Manga Reader Toolbar */ = {
			isa = PBXGroup;
			children = (
				50F44450292F0905001B3CF4 /* MangaReaderToolbar+modifier.swift */,
			);
			path = "Manga Reader Toolbar";
			sourceTree = "<group>";
		};
		50CE85BD2948C4CC00169922 /* Representable Sheet */ = {
			isa = PBXGroup;
			children = (
				50CE85BE2948C4EB00169922 /* RepresentableSheet+modifier.swift */,
				50CE85C02948C54900169922 /* RepresentableSheet.swift */,
				50CE85C22948C56800169922 /* RepresentableSheet+configutation.swift */,
			);
			path = "Representable Sheet";
			sourceTree = "<group>";
		};
		50CE85C42948C59200169922 /* Measure Size */ = {
			isa = PBXGroup;
			children = (
				50CE85C52948C5A200169922 /* MeasureSize.swift */,
				50CE85C72948C5FB00169922 /* Tools */,
			);
			path = "Measure Size";
			sourceTree = "<group>";
		};
		50CE85C72948C5FB00169922 /* Tools */ = {
			isa = PBXGroup;
			children = (
				50CE85C82948C61700169922 /* SizePreference.swift */,
			);
			path = Tools;
			sourceTree = "<group>";
		};
		50D7F2832940AC7300FE4814 /* Constants */ = {
			isa = PBXGroup;
			children = (
				50D7F2842940AC8600FE4814 /* Constants.swift */,
			);
			path = Constants;
			sourceTree = "<group>";
		};
		50E0210A293D271C001C85B5 /* Blur */ = {
			isa = PBXGroup;
			children = (
				50FFB003292AAD5700B87E0E /* BlurBackground.swift */,
			);
			path = Blur;
			sourceTree = "<group>";
		};
		50E0210B293D2725001C85B5 /* Overlay */ = {
			isa = PBXGroup;
			children = (
				50E0210C293D2743001C85B5 /* Dark */,
			);
			path = Overlay;
			sourceTree = "<group>";
		};
		50E0210C293D2743001C85B5 /* Dark */ = {
			isa = PBXGroup;
			children = (
				50E0210F293D276F001C85B5 /* DarkOverlay.swift */,
			);
			path = Dark;
			sourceTree = "<group>";
		};
		50F44427292E4236001B3CF4 /* Chapter */ = {
			isa = PBXGroup;
			children = (
				50F4442E292E4485001B3CF4 /* ViewModel */,
				50F4442B292E43D1001B3CF4 /* Extensions */,
				50F4442A292E4249001B3CF4 /* View */,
			);
			path = Chapter;
			sourceTree = "<group>";
		};
		50F4442A292E4249001B3CF4 /* View */ = {
			isa = PBXGroup;
			children = (
				50F44428292E4244001B3CF4 /* ChapterView.swift */,
			);
			path = View;
			sourceTree = "<group>";
		};
		50F4442B292E43D1001B3CF4 /* Extensions */ = {
			isa = PBXGroup;
			children = (
				50F4442C292E43F9001B3CF4 /* ChapterView+builders.swift */,
			);
			path = Extensions;
			sourceTree = "<group>";
		};
		50F4442E292E4485001B3CF4 /* ViewModel */ = {
			isa = PBXGroup;
			children = (
				50F4442F292E4496001B3CF4 /* ChapterViewModel.swift */,
			);
			path = ViewModel;
			sourceTree = "<group>";
		};
		50F44431292E5815001B3CF4 /* Reader Preferences */ = {
			isa = PBXGroup;
			children = (
				50F44435292E5895001B3CF4 /* Extensions */,
				50F44432292E5834001B3CF4 /* View */,
			);
			path = "Reader Preferences";
			sourceTree = "<group>";
		};
		50F44432292E5834001B3CF4 /* View */ = {
			isa = PBXGroup;
			children = (
				50F44433292E5844001B3CF4 /* ReaderPreferencesView.swift */,
			);
			path = View;
			sourceTree = "<group>";
		};
		50F44435292E5895001B3CF4 /* Extensions */ = {
			isa = PBXGroup;
			children = (
				50F44436292E58A4001B3CF4 /* ReaderPreferencesView+builders.swift */,
			);
			path = Extensions;
			sourceTree = "<group>";
		};
		50F44438292E618E001B3CF4 /* ChapterMenuCell */ = {
			isa = PBXGroup;
			children = (
				50F44439292E61CA001B3CF4 /* ChapterListStandardCell.swift */,
			);
			path = ChapterMenuCell;
			sourceTree = "<group>";
		};
		50F4443F292E9293001B3CF4 /* Modifiers */ = {
			isa = PBXGroup;
			children = (
				77FACA4D29D1EB7E00A5744A /* TextFieldStyle */,
				50CE85C42948C59200169922 /* Measure Size */,
				50CE85BD2948C4CC00169922 /* Representable Sheet */,
				50CAD2F129384D8F000C1C0E /* Manga Reader Toolbar */,
				50F44442292E938A001B3CF4 /* Always Popover */,
			);
			path = Modifiers;
			sourceTree = "<group>";
		};
		50F44442292E938A001B3CF4 /* Always Popover */ = {
			isa = PBXGroup;
			children = (
				50F44445292E93F8001B3CF4 /* AlwaysPopover+modifier.swift */,
				50F44440292E9341001B3CF4 /* AlwaysPopover.swift */,
				50F44443292E93D4001B3CF4 /* ContentViewController.swift */,
			);
			path = "Always Popover";
			sourceTree = "<group>";
		};
		50F4444B292F0890001B3CF4 /* ReaderToolbar */ = {
			isa = PBXGroup;
			children = (
				50F6F67E293C2A6E00142816 /* Extensions */,
				50F6F67D293C2A6800142816 /* View */,
			);
			path = ReaderToolbar;
			sourceTree = "<group>";
		};
		50F44452292F1B0F001B3CF4 /* Slider */ = {
			isa = PBXGroup;
			children = (
				50F44453292F1B21001B3CF4 /* UISliderView.swift */,
			);
			path = Slider;
			sourceTree = "<group>";
		};
		50F6F674293BC78D00142816 /* View */ = {
			isa = PBXGroup;
			children = (
				508D1B8E2936FE900069012C /* ActionPopUp.swift */,
			);
			path = View;
			sourceTree = "<group>";
		};
		50F6F677293BC7C300142816 /* Extensions */ = {
			isa = PBXGroup;
			children = (
				50F6F675293BC7BF00142816 /* ActionPopUp+methods.swift */,
			);
			path = Extensions;
			sourceTree = "<group>";
		};
		50F6F678293C289C00142816 /* Cells */ = {
			isa = PBXGroup;
			children = (
				776220542A267D34004E93AF /* SocialCell */,
				50639B44293A3A8100D8E3CB /* HistoryChapterCell */,
				50639B3F293A32AB00D8E3CB /* HistoryMangaCell */,
				50F44438292E618E001B3CF4 /* ChapterMenuCell */,
				50FE08DB292D9CDD00432F21 /* WebsiteStandardCell */,
				500183C9292C0CB60094B223 /* ChapterStandardCell */,
				50FFAFEF292A847600B87E0E /* MangaStandardCell */,
			);
			path = Cells;
			sourceTree = "<group>";
		};
		50F6F679293C28B700142816 /* Pickers */ = {
			isa = PBXGroup;
			children = (
				502E8DFF293543F200881F40 /* NumberPicker */,
				5056563A293259600061FD15 /* LanguagePicker */,
				50FE08D8292D8A4E00432F21 /* EnumPicker */,
			);
			path = Pickers;
			sourceTree = "<group>";
		};
		50F6F67A293C29FB00142816 /* Image */ = {
			isa = PBXGroup;
			children = (
				50FFAFFE292A98C000B87E0E /* MangaStandardImage.swift */,
			);
			path = Image;
			sourceTree = "<group>";
		};
		50F6F67B293C2A2000142816 /* Gradient */ = {
			isa = PBXGroup;
			children = (
				50FE08CF292D035600432F21 /* PrimaryGradient.swift */,
			);
			path = Gradient;
			sourceTree = "<group>";
		};
		50F6F67C293C2A5B00142816 /* Toolbar */ = {
			isa = PBXGroup;
			children = (
				50F4444B292F0890001B3CF4 /* ReaderToolbar */,
			);
			path = Toolbar;
			sourceTree = "<group>";
		};
		50F6F67D293C2A6800142816 /* View */ = {
			isa = PBXGroup;
			children = (
				50F4444C292F08AA001B3CF4 /* ReaderToolbar.swift */,
			);
			path = View;
			sourceTree = "<group>";
		};
		50F6F67E293C2A6E00142816 /* Extensions */ = {
			isa = PBXGroup;
			children = (
				50F4444E292F08B9001B3CF4 /* ReaderToolbar+builders.swift */,
			);
			path = Extensions;
			sourceTree = "<group>";
		};
		50F6F67F293C2B2100142816 /* Background */ = {
			isa = PBXGroup;
			children = (
				77FACA5429D3166100A5744A /* Clear */,
				50E0210A293D271C001C85B5 /* Blur */,
			);
			path = Background;
			sourceTree = "<group>";
		};
		50F6F680293C2BCE00142816 /* Filter */ = {
			isa = PBXGroup;
			children = (
				50FFB00C292ACDF100B87E0E /* ElementFilter.swift */,
				50FFB00E292ACE0400B87E0E /* ObjectFilter.swift */,
				50FFB012292AD35000B87E0E /* OrderFilter.swift */,
			);
			path = Filter;
			sourceTree = "<group>";
		};
		50F6F681293C2CFF00142816 /* Reader Preferences */ = {
			isa = PBXGroup;
			children = (
				50F4443B292E6638001B3CF4 /* PageLayout.swift */,
				50F4443D292E6645001B3CF4 /* ReadingMode.swift */,
			);
			path = "Reader Preferences";
			sourceTree = "<group>";
		};
		50F6F682293C2D1800142816 /* Settings */ = {
			isa = PBXGroup;
			children = (
				50BC9610292C739E00DF13A5 /* SecurityLevel.swift */,
			);
			path = Settings;
			sourceTree = "<group>";
		};
		50F6F683293C2D4300142816 /* Source Preferences */ = {
			isa = PBXGroup;
			children = (
				50FFAFDE292A6A8F00B87E0E /* Language.swift */,
				50FFAFE0292A6ACD00B87E0E /* MangaQuality.swift */,
			);
			path = "Source Preferences";
			sourceTree = "<group>";
		};
		50F6F684293C2D9400142816 /* Manga */ = {
			isa = PBXGroup;
			children = (
				50FFB010292ACE6200B87E0E /* DemoPublic.swift */,
				50FFAFE2292A6AFE00B87E0E /* MangaStatus.swift */,
				500183C7292C0BB10094B223 /* MangaActions.swift */,
			);
			path = Manga;
			sourceTree = "<group>";
		};
		50F6F685293C2DB600142816 /* AniList */ = {
			isa = PBXGroup;
			children = (
				502E8E062935511900881F40 /* AniListStatus.swift */,
			);
			path = AniList;
			sourceTree = "<group>";
		};
		50F6F686293C2DD000142816 /* Carousel */ = {
			isa = PBXGroup;
			children = (
				507803D1292DB5F40041D5BD /* Carousel.swift */,
			);
			path = Carousel;
			sourceTree = "<group>";
		};
		50F6F687293C333200142816 /* Tabs */ = {
			isa = PBXGroup;
			children = (
				5092DF36292942A80094DC18 /* Discover */,
				500B9B692938F1C800961753 /* History */,
				5092DF46292946410094DC18 /* Library */,
				5092DF45292946340094DC18 /* Settings */,
			);
			path = Tabs;
			sourceTree = "<group>";
		};
		50F6F688293C33AB00142816 /* Preferences */ = {
			isa = PBXGroup;
			children = (
				50F44431292E5815001B3CF4 /* Reader Preferences */,
				5092DF5F292983050094DC18 /* Source Preferences */,
			);
			path = Preferences;
			sourceTree = "<group>";
		};
		50FE08D1292D05C200432F21 /* Extensions */ = {
			isa = PBXGroup;
			children = (
				50FE08D2292D05DC00432F21 /* LanguagesView+builders.swift */,
			);
			path = Extensions;
			sourceTree = "<group>";
		};
		50FE08D8292D8A4E00432F21 /* EnumPicker */ = {
			isa = PBXGroup;
			children = (
				50FE08D9292D8A6900432F21 /* EnumPicker.swift */,
			);
			path = EnumPicker;
			sourceTree = "<group>";
		};
		50FE08DB292D9CDD00432F21 /* WebsiteStandardCell */ = {
			isa = PBXGroup;
			children = (
				50FE08DC292D9D0200432F21 /* WebsiteStandardCell.swift */,
				77EAE9F22A1EDE7500205562 /* WebsiteStandardCell+builders.swift */,
			);
			path = WebsiteStandardCell;
			sourceTree = "<group>";
		};
		50FFAFDD292A6A7F00B87E0E /* Enums */ = {
			isa = PBXGroup;
			children = (
				776220602A26D3F2004E93AF /* AniListAccount */,
				77B188F32A1E9A0800B11378 /* URL */,
				50F6F686293C2DD000142816 /* Carousel */,
				50F6F685293C2DB600142816 /* AniList */,
				50F6F680293C2BCE00142816 /* Filter */,
				50F6F684293C2D9400142816 /* Manga */,
				50F6F681293C2CFF00142816 /* Reader Preferences */,
				50F6F682293C2D1800142816 /* Settings */,
				50F6F683293C2D4300142816 /* Source Preferences */,
			);
			path = Enums;
			sourceTree = "<group>";
		};
		50FFAFE4292A73F400B87E0E /* Languages */ = {
			isa = PBXGroup;
			children = (
				50FE08D1292D05C200432F21 /* Extensions */,
				50FFAFE5292A73FC00B87E0E /* View */,
			);
			path = Languages;
			sourceTree = "<group>";
		};
		50FFAFE5292A73FC00B87E0E /* View */ = {
			isa = PBXGroup;
			children = (
				50FFAFDB292A668000B87E0E /* LanguagesView.swift */,
			);
			path = View;
			sourceTree = "<group>";
		};
		50FFAFE6292A819C00B87E0E /* Manga */ = {
			isa = PBXGroup;
			children = (
				500183C4292C07480094B223 /* ViewModel */,
				50FFB014292AE7A700B87E0E /* Extensions */,
				50FFAFE7292A81A500B87E0E /* View */,
			);
			path = Manga;
			sourceTree = "<group>";
		};
		50FFAFE7292A81A500B87E0E /* View */ = {
			isa = PBXGroup;
			children = (
				50FFAFE8292A81B100B87E0E /* MangaView.swift */,
			);
			path = View;
			sourceTree = "<group>";
		};
		50FFAFEA292A832F00B87E0E /* Shared */ = {
			isa = PBXGroup;
			children = (
				7738459A2A25AF3B007F1014 /* SafariWebView */,
				77640E50299E9A150076CB26 /* Tracker PopUp */,
				50E0210B293D2725001C85B5 /* Overlay */,
				50F6F67F293C2B2100142816 /* Background */,
				50F6F67C293C2A5B00142816 /* Toolbar */,
				50F6F67B293C2A2000142816 /* Gradient */,
				50F6F67A293C29FB00142816 /* Image */,
				50F6F679293C28B700142816 /* Pickers */,
				50F6F678293C289C00142816 /* Cells */,
				508D1B8D2936FE7B0069012C /* PopUp */,
				50565636293257D80061FD15 /* Menus */,
				50F44452292F1B0F001B3CF4 /* Slider */,
				507803D4292DBF940041D5BD /* Loading */,
			);
			path = Shared;
			sourceTree = "<group>";
		};
		50FFAFEF292A847600B87E0E /* MangaStandardCell */ = {
			isa = PBXGroup;
			children = (
				50FFAFEB292A836300B87E0E /* MangaStandardCell.swift */,
				50FFAFED292A83B800B87E0E /* MangaStandardCell+builders.swift */,
			);
			path = MangaStandardCell;
			sourceTree = "<group>";
		};
		50FFAFF0292A84AB00B87E0E /* Extensions */ = {
			isa = PBXGroup;
			children = (
				5092DF4D29294C3A0094DC18 /* DiscoveryView+builders.swift */,
				50FFAFFB292A986600B87E0E /* InitialStyleView+builders.swift */,
				50FFB000292AA5CD00B87E0E /* SearchStyleView+builders.swift */,
			);
			path = Extensions;
			sourceTree = "<group>";
		};
		50FFAFF5292A8C7B00B87E0E /* ViewModel */ = {
			isa = PBXGroup;
			children = (
				50FFAFF6292A8C8800B87E0E /* LibraryViewModel.swift */,
			);
			path = ViewModel;
			sourceTree = "<group>";
		};
		50FFAFF8292A8FC600B87E0E /* Extensions */ = {
			isa = PBXGroup;
			children = (
				50FFAFF9292A8FDF00B87E0E /* LibraryView+builders.swift */,
			);
			path = Extensions;
			sourceTree = "<group>";
		};
		50FFB005292AB15F00B87E0E /* Library Filter */ = {
			isa = PBXGroup;
			children = (
				50FFB009292AB3C700B87E0E /* Extensions */,
				50FFB006292AB27C00B87E0E /* View */,
			);
			path = "Library Filter";
			sourceTree = "<group>";
		};
		50FFB006292AB27C00B87E0E /* View */ = {
			isa = PBXGroup;
			children = (
				50FFB007292AB28E00B87E0E /* LibraryFilterView.swift */,
			);
			path = View;
			sourceTree = "<group>";
		};
		50FFB009292AB3C700B87E0E /* Extensions */ = {
			isa = PBXGroup;
			children = (
				50FFB00A292AB3DA00B87E0E /* LibraryFilterView+builders.swift */,
			);
			path = Extensions;
			sourceTree = "<group>";
		};
		50FFB014292AE7A700B87E0E /* Extensions */ = {
			isa = PBXGroup;
			children = (
				50FFB015292AE7B800B87E0E /* MangaView+builders.swift */,
				5007A5012933AE3300EAAB84 /* MangaView+editablle.swift */,
				506EEBF729364D3300D89777 /* MangaView+filters.swift */,
				50CAD2E729383887000C1C0E /* MangaView+actions.swift */,
				50CAD2E929383969000C1C0E /* MangaView+commons.swift */,
			);
			path = Extensions;
			sourceTree = "<group>";
		};
		773845992A25A6D1007F1014 /* ViewModel */ = {
			isa = PBXGroup;
			children = (
				773845962A259E22007F1014 /* AniListAccountViewModel.swift */,
			);
			path = ViewModel;
			sourceTree = "<group>";
		};
		7738459A2A25AF3B007F1014 /* SafariWebView */ = {
			isa = PBXGroup;
			children = (
				7738459B2A25AF48007F1014 /* SafariWebView.swift */,
			);
			path = SafariWebView;
			sourceTree = "<group>";
		};
		776220542A267D34004E93AF /* SocialCell */ = {
			isa = PBXGroup;
			children = (
				776220572A267D85004E93AF /* SocialCell.swift */,
				776220592A267DA0004E93AF /* SocialCell+builders.swift */,
			);
			path = SocialCell;
			sourceTree = "<group>";
		};
		776220602A26D3F2004E93AF /* AniListAccount */ = {
			isa = PBXGroup;
			children = (
				776220612A26D40A004E93AF /* ProfileTabs.swift */,
				776220632A26D429004E93AF /* SocialAction.swift */,
			);
			path = AniListAccount;
			sourceTree = "<group>";
		};
		776323BC2A16F000009B5966 /* Frameworks */ = {
			isa = PBXGroup;
			children = (
			);
			name = Frameworks;
			sourceTree = "<group>";
		};
		77640E50299E9A150076CB26 /* Tracker PopUp */ = {
			isa = PBXGroup;
			children = (
				77FACA5729D3BAB200A5744A /* ViewModel */,
				77640E52299E9A430076CB26 /* Extensions */,
				77640E51299E9A3F0076CB26 /* View */,
			);
			path = "Tracker PopUp";
			sourceTree = "<group>";
		};
		77640E51299E9A3F0076CB26 /* View */ = {
			isa = PBXGroup;
			children = (
				77640E53299E9A5C0076CB26 /* TrackerPopUp.swift */,
			);
			path = View;
			sourceTree = "<group>";
		};
		77640E52299E9A430076CB26 /* Extensions */ = {
			isa = PBXGroup;
			children = (
				77640E55299E9F440076CB26 /* TrackerPopUp+builders.swift */,
				77FACA5829D3BAD900A5744A /* TrackerPopUpObserver.swift */,
			);
			path = Extensions;
			sourceTree = "<group>";
		};
		77B188DF2A1CE01D00B11378 /* Services */ = {
			isa = PBXGroup;
			children = (
				77B188E22A1CE6FC00B11378 /* Biometry */,
				77B188E02A1CE02A00B11378 /* Keychain */,
			);
			path = Services;
			sourceTree = "<group>";
		};
		77B188E02A1CE02A00B11378 /* Keychain */ = {
			isa = PBXGroup;
			children = (
				77B188E52A1CFC3900B11378 /* Keychain.swift */,
			);
			path = Keychain;
			sourceTree = "<group>";
		};
		77B188E22A1CE6FC00B11378 /* Biometry */ = {
			isa = PBXGroup;
			children = (
				77B188E32A1CE75B00B11378 /* Biometry.swift */,
			);
			path = Biometry;
			sourceTree = "<group>";
		};
		77B188EF2A1E969100B11378 /* AniList Account */ = {
			isa = PBXGroup;
			children = (
				773845992A25A6D1007F1014 /* ViewModel */,
				77EAE9EF2A1EA28800205562 /* Extensions */,
				77B188F22A1E96C500B11378 /* View */,
			);
			path = "AniList Account";
			sourceTree = "<group>";
		};
		77B188F22A1E96C500B11378 /* View */ = {
			isa = PBXGroup;
			children = (
				77B188F02A1E96B800B11378 /* AniListAccountView.swift */,
			);
			path = View;
			sourceTree = "<group>";
		};
		77B188F32A1E9A0800B11378 /* URL */ = {
			isa = PBXGroup;
			children = (
				77B188F42A1E9A1E00B11378 /* AppURLs.swift */,
			);
			path = URL;
			sourceTree = "<group>";
		};
		77EAE9EF2A1EA28800205562 /* Extensions */ = {
			isa = PBXGroup;
			children = (
				77EAE9F02A1EA2A800205562 /* AniListAccountView+builders.swift */,
				7762205C2A26BE51004E93AF /* AniListAccountView+tabs.swift */,
				7762205E2A26C046004E93AF /* AniListAccountView+main.swift */,
				77829A1D2A2771530053262E /* AniListAccountView+charts.swift */,
			);
			path = Extensions;
			sourceTree = "<group>";
		};
		77FACA4D29D1EB7E00A5744A /* TextFieldStyle */ = {
			isa = PBXGroup;
			children = (
				77FACA5029D30E2B00A5744A /* RoundedTextFieldStyle.swift */,
				77FACA4E29D1EBA200A5744A /* OutlinedTextFieldStyle.swift */,
			);
			path = TextFieldStyle;
			sourceTree = "<group>";
		};
		77FACA5429D3166100A5744A /* Clear */ = {
			isa = PBXGroup;
			children = (
				77FACA5529D3167900A5744A /* BackgroundClearView.swift */,
			);
			path = Clear;
			sourceTree = "<group>";
		};
		77FACA5729D3BAB200A5744A /* ViewModel */ = {
			isa = PBXGroup;
			children = (
			);
			path = ViewModel;
			sourceTree = "<group>";
		};
/* End PBXGroup section */

/* Begin PBXNativeTarget section */
		5092DF2029292C590094DC18 /* Orochii */ = {
			isa = PBXNativeTarget;
			buildConfigurationList = 5092DF2F29292C5C0094DC18 /* Build configuration list for PBXNativeTarget "Orochii" */;
			buildPhases = (
				5092DF1D29292C590094DC18 /* Sources */,
				5092DF1E29292C590094DC18 /* Frameworks */,
				5092DF1F29292C590094DC18 /* Resources */,
			);
			buildRules = (
			);
			dependencies = (
			);
			name = Orochii;
			packageProductDependencies = (
				776323C12A16F776009B5966 /* AniListService */,
			);
			productName = Orochi;
			productReference = 5092DF2129292C590094DC18 /* Orochii.app */;
			productType = "com.apple.product-type.application";
		};
/* End PBXNativeTarget section */

/* Begin PBXProject section */
		5092DF1929292C590094DC18 /* Project object */ = {
			isa = PBXProject;
			attributes = {
				BuildIndependentTargetsInParallel = 1;
				LastSwiftUpdateCheck = 1410;
				LastUpgradeCheck = 1410;
				TargetAttributes = {
					5092DF2029292C590094DC18 = {
						CreatedOnToolsVersion = 14.1;
					};
				};
			};
			buildConfigurationList = 5092DF1C29292C590094DC18 /* Build configuration list for PBXProject "Orochii" */;
			compatibilityVersion = "Xcode 14.0";
			developmentRegion = en;
			hasScannedForEncodings = 0;
			knownRegions = (
				en,
				Base,
				"pt-BR",
			);
			mainGroup = 5092DF1829292C590094DC18;
			packageReferences = (
				776323C02A16F776009B5966 /* XCRemoteSwiftPackageReference "Orochii-AniListService" */,
			);
			productRefGroup = 5092DF2229292C590094DC18 /* Products */;
			projectDirPath = "";
			projectRoot = "";
			targets = (
				5092DF2029292C590094DC18 /* Orochii */,
			);
		};
/* End PBXProject section */

/* Begin PBXResourcesBuildPhase section */
		5092DF1F29292C590094DC18 /* Resources */ = {
			isa = PBXResourcesBuildPhase;
			buildActionMask = 2147483647;
			files = (
				5092DF2C29292C5C0094DC18 /* Preview Assets.xcassets in Resources */,
				771B766129DC788700F7CCB6 /* anilist_api.json in Resources */,
				5092DF59292971580094DC18 /* Localizable.strings in Resources */,
				5092DF2929292C5C0094DC18 /* Assets.xcassets in Resources */,
			);
			runOnlyForDeploymentPostprocessing = 0;
		};
/* End PBXResourcesBuildPhase section */

/* Begin PBXSourcesBuildPhase section */
		5092DF1D29292C590094DC18 /* Sources */ = {
			isa = PBXSourcesBuildPhase;
			buildActionMask = 2147483647;
			files = (
				776220582A267D85004E93AF /* SocialCell.swift in Sources */,
				7762205D2A26BE51004E93AF /* AniListAccountView+tabs.swift in Sources */,
				50F4444D292F08AA001B3CF4 /* ReaderToolbar.swift in Sources */,
				50F44454292F1B21001B3CF4 /* UISliderView.swift in Sources */,
				50639B4D293A486900D8E3CB /* MangaHistoryView.swift in Sources */,
				77FACA5929D3BADA00A5744A /* TrackerPopUpObserver.swift in Sources */,
				50639B50293A494400D8E3CB /* MangaHistoryView+builders.swift in Sources */,
				50639B54293A4C1800D8E3CB /* HistoryViewModel.swift in Sources */,
				50FFAFEE292A83B800B87E0E /* MangaStandardCell+builders.swift in Sources */,
				50FFAFE3292A6AFE00B87E0E /* MangaStatus.swift in Sources */,
				50FFAFDC292A668000B87E0E /* LanguagesView.swift in Sources */,
				77B188E62A1CFC3900B11378 /* Keychain.swift in Sources */,
				50F44448292E9442001B3CF4 /* UIView+extension.swift in Sources */,
				50FFAFF4292A84EE00B87E0E /* InitialStyleView.swift in Sources */,
				50CE85C32948C56800169922 /* RepresentableSheet+configutation.swift in Sources */,
				50FE08DD292D9D0200432F21 /* WebsiteStandardCell.swift in Sources */,
				5092DF612929831D0094DC18 /* SourcePreferencesView.swift in Sources */,
				7738459C2A25AF48007F1014 /* SafariWebView.swift in Sources */,
				77640E56299E9F440076CB26 /* TrackerPopUp+builders.swift in Sources */,
				5092DF4A2929465B0094DC18 /* SettingsView.swift in Sources */,
				50FFAFFA292A8FDF00B87E0E /* LibraryView+builders.swift in Sources */,
				502E8E072935511900881F40 /* AniListStatus.swift in Sources */,
				50FFB016292AE7B800B87E0E /* MangaView+builders.swift in Sources */,
				50FFAFEC292A836300B87E0E /* MangaStandardCell.swift in Sources */,
				50FE08D7292D826100432F21 /* Image+appImages.swift in Sources */,
				77FACA5629D3167900A5744A /* BackgroundClearView.swift in Sources */,
				506EEBF829364D3300D89777 /* MangaView+filters.swift in Sources */,
				50CE85C92948C61700169922 /* SizePreference.swift in Sources */,
				50FFAFF7292A8C8800B87E0E /* LibraryViewModel.swift in Sources */,
				50639B46293A3CF700D8E3CB /* HistoryChapterCell+builders.swift in Sources */,
				50FE08D0292D035600432F21 /* PrimaryGradient.swift in Sources */,
				50E02110293D276F001C85B5 /* DarkOverlay.swift in Sources */,
				77B188EE2A1E5B4300B11378 /* URLSession+extension.swift in Sources */,
				507803D2292DB5F40041D5BD /* Carousel.swift in Sources */,
				50F4442D292E43F9001B3CF4 /* ChapterView+builders.swift in Sources */,
				50FFAFF2292A84DB00B87E0E /* SearchStyleView.swift in Sources */,
				502E8E022935440D00881F40 /* NumberPicker.swift in Sources */,
				507803DC292DC0530041D5BD /* ActivityIndicator.swift in Sources */,
				50F44430292E4496001B3CF4 /* ChapterViewModel.swift in Sources */,
				50FFB008292AB28E00B87E0E /* LibraryFilterView.swift in Sources */,
				500DB59D292C608B00F398D6 /* SettingsView+builders.swift in Sources */,
				50FFB004292AAD5700B87E0E /* BlurBackground.swift in Sources */,
				50F44451292F0905001B3CF4 /* MangaReaderToolbar+modifier.swift in Sources */,
				503019A7293455BD00F5645F /* ALTracker.swift in Sources */,
				50FFB00F292ACE0400B87E0E /* ObjectFilter.swift in Sources */,
				77EAE9F32A1EDE7500205562 /* WebsiteStandardCell+builders.swift in Sources */,
				77640E54299E9A5C0076CB26 /* TrackerPopUp.swift in Sources */,
				505656392932580F0061FD15 /* ChapterMenu.swift in Sources */,
				50BC960F292C674500DF13A5 /* SettingsViewModel.swift in Sources */,
				5092DF6329298B9A0094DC18 /* SourcePreferencesView+builders.swift in Sources */,
				508D1B912937055A0069012C /* Haptics+extension.swift in Sources */,
				50F6F676293BC7BF00142816 /* ActionPopUp+methods.swift in Sources */,
				50FFB013292AD35000B87E0E /* OrderFilter.swift in Sources */,
				776220622A26D40A004E93AF /* ProfileTabs.swift in Sources */,
				50FFAFFF292A98C000B87E0E /* MangaStandardImage.swift in Sources */,
				50FFB00B292AB3DA00B87E0E /* LibraryFilterView+builders.swift in Sources */,
				50CE85BF2948C4EB00169922 /* RepresentableSheet+modifier.swift in Sources */,
				77EAE9F52A1EE1F800205562 /* SettingsView+ALSection.swift in Sources */,
				50F44434292E5844001B3CF4 /* ReaderPreferencesView.swift in Sources */,
				50F4444A292F02CC001B3CF4 /* CGSize+extension.swift in Sources */,
				50FFAFE1292A6ACD00B87E0E /* MangaQuality.swift in Sources */,
				50F44444292E93D4001B3CF4 /* ContentViewController.swift in Sources */,
				506D5753292B1E2900A0C529 /* ChapterDomain.swift in Sources */,
				50FFB001292AA5CD00B87E0E /* SearchStyleView+builders.swift in Sources */,
				50F4443C292E6638001B3CF4 /* PageLayout.swift in Sources */,
				50FFB00D292ACDF100B87E0E /* ElementFilter.swift in Sources */,
				508D1B8F2936FE900069012C /* ActionPopUp.swift in Sources */,
				5092DF482929464F0094DC18 /* LibraryView.swift in Sources */,
				50FFB011292ACE6200B87E0E /* DemoPublic.swift in Sources */,
				50F4443E292E6645001B3CF4 /* ReadingMode.swift in Sources */,
				500183CD292C0D270094B223 /* ChapterStandardCell+builders.swift in Sources */,
				50CE85C62948C5A200169922 /* MeasureSize.swift in Sources */,
				77B188F12A1E96B800B11378 /* AniListAccountView.swift in Sources */,
				5092DF5629296FFA0094DC18 /* MangaDomain.swift in Sources */,
				503019AB2934D85F00F5645F /* ALTracker+builders.swift in Sources */,
				50FE08DA292D8A6900432F21 /* EnumPicker.swift in Sources */,
				5092DF3A292942CA0094DC18 /* DiscoverViewModel.swift in Sources */,
				50FFAFFC292A986600B87E0E /* InitialStyleView+builders.swift in Sources */,
				77EAE9F12A1EA2A800205562 /* AniListAccountView+builders.swift in Sources */,
				50CAD2E829383887000C1C0E /* MangaView+actions.swift in Sources */,
				500183C6292C07580094B223 /* MangaViewModel.swift in Sources */,
				50F44429292E4244001B3CF4 /* ChapterView.swift in Sources */,
				500183CB292C0CCA0094B223 /* ChapterStandardCell.swift in Sources */,
				500B9B6B2938F1DD00961753 /* HistoryView.swift in Sources */,
				50FFAFE9292A81B100B87E0E /* MangaView.swift in Sources */,
				773845972A259E22007F1014 /* AniListAccountViewModel.swift in Sources */,
				7762205F2A26C046004E93AF /* AniListAccountView+main.swift in Sources */,
				50639B41293A32C100D8E3CB /* HistoryMangaCell.swift in Sources */,
				50639B48293A3D3000D8E3CB /* HistoryMangaCell+builders.swift in Sources */,
				5092DF2529292C590094DC18 /* OrochiApp.swift in Sources */,
				50639B57293A4CE200D8E3CB /* HistoryView+builders.swift in Sources */,
				50BC9611292C739E00DF13A5 /* SecurityLevel.swift in Sources */,
				50FFAFDF292A6A8F00B87E0E /* Language.swift in Sources */,
				50CAD2EC29383B04000C1C0E /* ALTracker+dates.swift in Sources */,
				50CAD2EA29383969000C1C0E /* MangaView+commons.swift in Sources */,
				50F4444F292F08B9001B3CF4 /* ReaderToolbar+builders.swift in Sources */,
				50CAD2F029383BE9000C1C0E /* ALTracker+manga.swift in Sources */,
				50F44437292E58A4001B3CF4 /* ReaderPreferencesView+builders.swift in Sources */,
				77829A1E2A2771530053262E /* AniListAccountView+charts.swift in Sources */,
				5092DF35292942A30094DC18 /* DiscoverView.swift in Sources */,
				5007A5022933AE3300EAAB84 /* MangaView+editablle.swift in Sources */,
				7762205A2A267DA0004E93AF /* SocialCell+builders.swift in Sources */,
				50CE85C12948C54900169922 /* RepresentableSheet.swift in Sources */,
				503019A42934212700F5645F /* UIApplication+extension.swift in Sources */,
				77FACA5129D30E2B00A5744A /* RoundedTextFieldStyle.swift in Sources */,
				5056563C2932597F0061FD15 /* LanguagePicker.swift in Sources */,
				77B188F52A1E9A1E00B11378 /* AppURLs.swift in Sources */,
				77B188E42A1CE75B00B11378 /* Biometry.swift in Sources */,
				507803DA292DC03C0041D5BD /* LoadingView.swift in Sources */,
				50F44446292E93F8001B3CF4 /* AlwaysPopover+modifier.swift in Sources */,
				50F4443A292E61CA001B3CF4 /* ChapterListStandardCell.swift in Sources */,
				50FE08D5292D609700432F21 /* String+default.swift in Sources */,
				50F44441292E9341001B3CF4 /* AlwaysPopover.swift in Sources */,
				5092DF4E29294C3A0094DC18 /* DiscoveryView+builders.swift in Sources */,
				50FE08D3292D05DC00432F21 /* LanguagesView+builders.swift in Sources */,
				50CAD2EE29383B86000C1C0E /* ALTracker+states.swift in Sources */,
				500183C8292C0BB10094B223 /* MangaActions.swift in Sources */,
				776220642A26D429004E93AF /* SocialAction.swift in Sources */,
				50639B43293A36DF00D8E3CB /* HistoryChapterCell.swift in Sources */,
				5092DF5E292972F80094DC18 /* String+localized.swift in Sources */,
				50D7F2852940AC8600FE4814 /* Constants.swift in Sources */,
				77FACA4F29D1EBA200A5744A /* OutlinedTextFieldStyle.swift in Sources */,
				5092DF51292957980094DC18 /* UIScreen+extension.swift in Sources */,
				502E8E0529354E5200881F40 /* ALTrackerViewModel.swift in Sources */,
			);
			runOnlyForDeploymentPostprocessing = 0;
		};
/* End PBXSourcesBuildPhase section */

/* Begin PBXVariantGroup section */
		5092DF5B292971580094DC18 /* Localizable.strings */ = {
			isa = PBXVariantGroup;
			children = (
				5092DF5A292971580094DC18 /* en */,
				5092DF5C292971B80094DC18 /* pt-BR */,
			);
			name = Localizable.strings;
			sourceTree = "<group>";
		};
/* End PBXVariantGroup section */

/* Begin XCBuildConfiguration section */
		5092DF2D29292C5C0094DC18 /* Debug */ = {
			isa = XCBuildConfiguration;
			buildSettings = {
				ALWAYS_SEARCH_USER_PATHS = NO;
				CLANG_ANALYZER_LOCALIZABILITY_NONLOCALIZED = YES;
				CLANG_ANALYZER_NONNULL = YES;
				CLANG_ANALYZER_NUMBER_OBJECT_CONVERSION = YES_AGGRESSIVE;
				CLANG_CXX_LANGUAGE_STANDARD = "gnu++20";
				CLANG_ENABLE_MODULES = YES;
				CLANG_ENABLE_OBJC_ARC = YES;
				CLANG_ENABLE_OBJC_WEAK = YES;
				CLANG_WARN_BLOCK_CAPTURE_AUTORELEASING = YES;
				CLANG_WARN_BOOL_CONVERSION = YES;
				CLANG_WARN_COMMA = YES;
				CLANG_WARN_CONSTANT_CONVERSION = YES;
				CLANG_WARN_DEPRECATED_OBJC_IMPLEMENTATIONS = YES;
				CLANG_WARN_DIRECT_OBJC_ISA_USAGE = YES_ERROR;
				CLANG_WARN_DOCUMENTATION_COMMENTS = YES;
				CLANG_WARN_EMPTY_BODY = YES;
				CLANG_WARN_ENUM_CONVERSION = YES;
				CLANG_WARN_INFINITE_RECURSION = YES;
				CLANG_WARN_INT_CONVERSION = YES;
				CLANG_WARN_NON_LITERAL_NULL_CONVERSION = YES;
				CLANG_WARN_OBJC_IMPLICIT_RETAIN_SELF = YES;
				CLANG_WARN_OBJC_LITERAL_CONVERSION = YES;
				CLANG_WARN_OBJC_ROOT_CLASS = YES_ERROR;
				CLANG_WARN_QUOTED_INCLUDE_IN_FRAMEWORK_HEADER = YES;
				CLANG_WARN_RANGE_LOOP_ANALYSIS = YES;
				CLANG_WARN_STRICT_PROTOTYPES = YES;
				CLANG_WARN_SUSPICIOUS_MOVE = YES;
				CLANG_WARN_UNGUARDED_AVAILABILITY = YES_AGGRESSIVE;
				CLANG_WARN_UNREACHABLE_CODE = YES;
				CLANG_WARN__DUPLICATE_METHOD_MATCH = YES;
				COPY_PHASE_STRIP = NO;
				DEBUG_INFORMATION_FORMAT = dwarf;
				ENABLE_STRICT_OBJC_MSGSEND = YES;
				ENABLE_TESTABILITY = YES;
				GCC_C_LANGUAGE_STANDARD = gnu11;
				GCC_DYNAMIC_NO_PIC = NO;
				GCC_NO_COMMON_BLOCKS = YES;
				GCC_OPTIMIZATION_LEVEL = 0;
				GCC_PREPROCESSOR_DEFINITIONS = (
					"DEBUG=1",
					"$(inherited)",
				);
				GCC_WARN_64_TO_32_BIT_CONVERSION = YES;
				GCC_WARN_ABOUT_RETURN_TYPE = YES_ERROR;
				GCC_WARN_UNDECLARED_SELECTOR = YES;
				GCC_WARN_UNINITIALIZED_AUTOS = YES_AGGRESSIVE;
				GCC_WARN_UNUSED_FUNCTION = YES;
				GCC_WARN_UNUSED_VARIABLE = YES;
				IPHONEOS_DEPLOYMENT_TARGET = 16.0;
				MTL_ENABLE_DEBUG_INFO = INCLUDE_SOURCE;
				MTL_FAST_MATH = YES;
				ONLY_ACTIVE_ARCH = YES;
				SDKROOT = iphoneos;
				SWIFT_ACTIVE_COMPILATION_CONDITIONS = DEBUG;
				SWIFT_OPTIMIZATION_LEVEL = "-Onone";
			};
			name = Debug;
		};
		5092DF2E29292C5C0094DC18 /* Release */ = {
			isa = XCBuildConfiguration;
			buildSettings = {
				ALWAYS_SEARCH_USER_PATHS = NO;
				CLANG_ANALYZER_LOCALIZABILITY_NONLOCALIZED = YES;
				CLANG_ANALYZER_NONNULL = YES;
				CLANG_ANALYZER_NUMBER_OBJECT_CONVERSION = YES_AGGRESSIVE;
				CLANG_CXX_LANGUAGE_STANDARD = "gnu++20";
				CLANG_ENABLE_MODULES = YES;
				CLANG_ENABLE_OBJC_ARC = YES;
				CLANG_ENABLE_OBJC_WEAK = YES;
				CLANG_WARN_BLOCK_CAPTURE_AUTORELEASING = YES;
				CLANG_WARN_BOOL_CONVERSION = YES;
				CLANG_WARN_COMMA = YES;
				CLANG_WARN_CONSTANT_CONVERSION = YES;
				CLANG_WARN_DEPRECATED_OBJC_IMPLEMENTATIONS = YES;
				CLANG_WARN_DIRECT_OBJC_ISA_USAGE = YES_ERROR;
				CLANG_WARN_DOCUMENTATION_COMMENTS = YES;
				CLANG_WARN_EMPTY_BODY = YES;
				CLANG_WARN_ENUM_CONVERSION = YES;
				CLANG_WARN_INFINITE_RECURSION = YES;
				CLANG_WARN_INT_CONVERSION = YES;
				CLANG_WARN_NON_LITERAL_NULL_CONVERSION = YES;
				CLANG_WARN_OBJC_IMPLICIT_RETAIN_SELF = YES;
				CLANG_WARN_OBJC_LITERAL_CONVERSION = YES;
				CLANG_WARN_OBJC_ROOT_CLASS = YES_ERROR;
				CLANG_WARN_QUOTED_INCLUDE_IN_FRAMEWORK_HEADER = YES;
				CLANG_WARN_RANGE_LOOP_ANALYSIS = YES;
				CLANG_WARN_STRICT_PROTOTYPES = YES;
				CLANG_WARN_SUSPICIOUS_MOVE = YES;
				CLANG_WARN_UNGUARDED_AVAILABILITY = YES_AGGRESSIVE;
				CLANG_WARN_UNREACHABLE_CODE = YES;
				CLANG_WARN__DUPLICATE_METHOD_MATCH = YES;
				COPY_PHASE_STRIP = NO;
				DEBUG_INFORMATION_FORMAT = "dwarf-with-dsym";
				ENABLE_NS_ASSERTIONS = NO;
				ENABLE_STRICT_OBJC_MSGSEND = YES;
				GCC_C_LANGUAGE_STANDARD = gnu11;
				GCC_NO_COMMON_BLOCKS = YES;
				GCC_WARN_64_TO_32_BIT_CONVERSION = YES;
				GCC_WARN_ABOUT_RETURN_TYPE = YES_ERROR;
				GCC_WARN_UNDECLARED_SELECTOR = YES;
				GCC_WARN_UNINITIALIZED_AUTOS = YES_AGGRESSIVE;
				GCC_WARN_UNUSED_FUNCTION = YES;
				GCC_WARN_UNUSED_VARIABLE = YES;
				IPHONEOS_DEPLOYMENT_TARGET = 16.0;
				MTL_ENABLE_DEBUG_INFO = NO;
				MTL_FAST_MATH = YES;
				SDKROOT = iphoneos;
				SWIFT_COMPILATION_MODE = wholemodule;
				SWIFT_OPTIMIZATION_LEVEL = "-O";
				VALIDATE_PRODUCT = YES;
			};
			name = Release;
		};
		5092DF3029292C5C0094DC18 /* Debug */ = {
			isa = XCBuildConfiguration;
			buildSettings = {
				ASSETCATALOG_COMPILER_APPICON_NAME = AppIcon;
				ASSETCATALOG_COMPILER_GLOBAL_ACCENT_COLOR_NAME = AccentColor;
				CODE_SIGN_STYLE = Automatic;
				CURRENT_PROJECT_VERSION = 1;
				DEVELOPMENT_ASSET_PATHS = "\"Orochi/Preview Content\"";
				DEVELOPMENT_TEAM = 22298649MR;
				ENABLE_PREVIEWS = YES;
				GENERATE_INFOPLIST_FILE = YES;
				INFOPLIST_FILE = "Orochii-Info.plist";
				INFOPLIST_KEY_CFBundleDisplayName = Orochii;
				INFOPLIST_KEY_LSApplicationCategoryType = "public.app-category.books";
				INFOPLIST_KEY_NSFaceIDUsageDescription = "Allow to use your device biometrics";
				INFOPLIST_KEY_UIApplicationSceneManifest_Generation = YES;
				INFOPLIST_KEY_UIApplicationSupportsIndirectInputEvents = YES;
				INFOPLIST_KEY_UILaunchScreen_Generation = YES;
				INFOPLIST_KEY_UIStatusBarStyle = "";
				INFOPLIST_KEY_UISupportedInterfaceOrientations_iPad = "UIInterfaceOrientationPortrait UIInterfaceOrientationPortraitUpsideDown UIInterfaceOrientationLandscapeLeft UIInterfaceOrientationLandscapeRight";
				INFOPLIST_KEY_UISupportedInterfaceOrientations_iPhone = "UIInterfaceOrientationPortrait UIInterfaceOrientationLandscapeLeft UIInterfaceOrientationLandscapeRight";
				IPHONEOS_DEPLOYMENT_TARGET = 16.0;
				LD_RUNPATH_SEARCH_PATHS = (
					"$(inherited)",
					"@executable_path/Frameworks",
				);
				MARKETING_VERSION = 0.1;
				PRODUCT_BUNDLE_IDENTIFIER = com.douglashenrique.orochi;
				PRODUCT_NAME = "$(TARGET_NAME)";
				SWIFT_EMIT_LOC_STRINGS = YES;
				SWIFT_VERSION = 5.0;
				TARGETED_DEVICE_FAMILY = "1,2";
			};
			name = Debug;
		};
		5092DF3129292C5C0094DC18 /* Release */ = {
			isa = XCBuildConfiguration;
			buildSettings = {
				ASSETCATALOG_COMPILER_APPICON_NAME = AppIcon;
				ASSETCATALOG_COMPILER_GLOBAL_ACCENT_COLOR_NAME = AccentColor;
				CODE_SIGN_STYLE = Automatic;
				CURRENT_PROJECT_VERSION = 1;
				DEVELOPMENT_ASSET_PATHS = "\"Orochi/Preview Content\"";
				DEVELOPMENT_TEAM = 22298649MR;
				ENABLE_PREVIEWS = YES;
				GENERATE_INFOPLIST_FILE = YES;
				INFOPLIST_FILE = "Orochii-Info.plist";
				INFOPLIST_KEY_CFBundleDisplayName = Orochii;
				INFOPLIST_KEY_LSApplicationCategoryType = "public.app-category.books";
				INFOPLIST_KEY_NSFaceIDUsageDescription = "Allow to use your device biometrics";
				INFOPLIST_KEY_UIApplicationSceneManifest_Generation = YES;
				INFOPLIST_KEY_UIApplicationSupportsIndirectInputEvents = YES;
				INFOPLIST_KEY_UILaunchScreen_Generation = YES;
				INFOPLIST_KEY_UIStatusBarStyle = "";
				INFOPLIST_KEY_UISupportedInterfaceOrientations_iPad = "UIInterfaceOrientationPortrait UIInterfaceOrientationPortraitUpsideDown UIInterfaceOrientationLandscapeLeft UIInterfaceOrientationLandscapeRight";
				INFOPLIST_KEY_UISupportedInterfaceOrientations_iPhone = "UIInterfaceOrientationPortrait UIInterfaceOrientationLandscapeLeft UIInterfaceOrientationLandscapeRight";
				IPHONEOS_DEPLOYMENT_TARGET = 16.0;
				LD_RUNPATH_SEARCH_PATHS = (
					"$(inherited)",
					"@executable_path/Frameworks",
				);
				MARKETING_VERSION = 0.1;
				PRODUCT_BUNDLE_IDENTIFIER = com.douglashenrique.orochi;
				PRODUCT_NAME = "$(TARGET_NAME)";
				SWIFT_EMIT_LOC_STRINGS = YES;
				SWIFT_VERSION = 5.0;
				TARGETED_DEVICE_FAMILY = "1,2";
			};
			name = Release;
		};
/* End XCBuildConfiguration section */

/* Begin XCConfigurationList section */
		5092DF1C29292C590094DC18 /* Build configuration list for PBXProject "Orochii" */ = {
			isa = XCConfigurationList;
			buildConfigurations = (
				5092DF2D29292C5C0094DC18 /* Debug */,
				5092DF2E29292C5C0094DC18 /* Release */,
			);
			defaultConfigurationIsVisible = 0;
			defaultConfigurationName = Release;
		};
		5092DF2F29292C5C0094DC18 /* Build configuration list for PBXNativeTarget "Orochii" */ = {
			isa = XCConfigurationList;
			buildConfigurations = (
				5092DF3029292C5C0094DC18 /* Debug */,
				5092DF3129292C5C0094DC18 /* Release */,
			);
			defaultConfigurationIsVisible = 0;
			defaultConfigurationName = Release;
		};
/* End XCConfigurationList section */

/* Begin XCRemoteSwiftPackageReference section */
		776323C02A16F776009B5966 /* XCRemoteSwiftPackageReference "Orochii-AniListService" */ = {
			isa = XCRemoteSwiftPackageReference;
			repositoryURL = "https://github.com/douglazhs/Orochii-AniListService.git";
			requirement = {
				kind = upToNextMajorVersion;
				minimumVersion = 0.0.2;
			};
		};
/* End XCRemoteSwiftPackageReference section */

/* Begin XCSwiftPackageProductDependency section */
		776323C12A16F776009B5966 /* AniListService */ = {
			isa = XCSwiftPackageProductDependency;
			package = 776323C02A16F776009B5966 /* XCRemoteSwiftPackageReference "Orochii-AniListService" */;
			productName = AniListService;
		};
/* End XCSwiftPackageProductDependency section */
	};
	rootObject = 5092DF1929292C590094DC18 /* Project object */;
}
