{
  "pins" : [
    {
      "identity" : "alamofire",
      "kind" : "remoteSourceControl",
      "location" : "https://github.com/Alamofire/Alamofire.git",
      "state" : {
        "revision" : "b2fa556e4e48cbf06cf8c63def138c98f4b811fa",
        "version" : "5.8.0"
      }
    },
    {
      "identity" : "anilisttracker",
      "kind" : "remoteSourceControl",
      "location" : "https://github.com/douglazhs/AniListTracker.git",
      "state" : {
        "branch" : "main",
        "revision" : "2160120aaeb1ab107ecac17f06f062bdd7eb1d99"
      }
    },
    {
      "identity" : "kingfisher",
      "kind" : "remoteSourceControl",
      "location" : "https://github.com/onevcat/Kingfisher",
      "state" : {
        "revision" : "c1f60c63f356d364f4284ba82961acbe7de79bcc",
        "version" : "7.8.1"
      }
    },
    {
      "identity" : "mangadex",
      "kind" : "remoteSourceControl",
      "location" : "https://github.com/douglazhs/MangaDex",
      "state" : {
        "branch" : "main",
        "revision" : "3ef7d56d85564970f768e22ded133fd5a9328fda"
      }
    },
    {
      "identity" : "nuke",
      "kind" : "remoteSourceControl",
      "location" : "https://github.com/kean/Nuke",
      "state" : {
        "revision" : "c3864b8882bc69f5edfe5c70e18786c91d228b28",
        "version" : "12.1.3"
      }
    }
  ],
  "version" : 2
}
