{
  "pins" : [
    {
      "identity" : "kingfisher",
      "kind" : "remoteSourceControl",
      "location" : "https://github.com/onevcat/Kingfisher",
      "state" : {
        "revision" : "c1f60c63f356d364f4284ba82961acbe7de79bcc",
        "version" : "7.8.1"
      }
    },
    {
      "identity" : "orochii-anilistservice",
      "kind" : "remoteSourceControl",
      "location" : "https://github.com/douglazhs/Orochii-AniListService.git",
      "state" : {
        "revision" : "065f321677d21787156c7981731ec3b8975108ae",
        "version" : "0.0.5"
      }
    }
  ],
  "version" : 2
}
