{
  "pins" : [
    {
      "identity" : "alamofire",
      "kind" : "remoteSourceControl",
      "location" : "https://github.com/Alamofire/Alamofire.git",
      "state" : {
        "revision" : "bc268c28fb170f494de9e9927c371b8342979ece",
        "version" : "5.7.1"
      }
    },
    {
      "identity" : "kingfisher",
      "kind" : "remoteSourceControl",
      "location" : "https://github.com/onevcat/Kingfisher",
      "state" : {
        "revision" : "c1f60c63f356d364f4284ba82961acbe7de79bcc",
        "version" : "7.8.1"
      }
    },
    {
      "identity" : "mangadex",
      "kind" : "remoteSourceControl",
      "location" : "https://github.com/douglazhs/MangaDex",
      "state" : {
        "branch" : "main",
        "revision" : "52c46bb007736d54ec24bc446680a8c79b865a60"
      }
    },
    {
      "identity" : "nuke",
      "kind" : "remoteSourceControl",
      "location" : "https://github.com/kean/Nuke",
      "state" : {
        "revision" : "c3864b8882bc69f5edfe5c70e18786c91d228b28",
        "version" : "12.1.3"
      }
    },
    {
      "identity" : "orochii-anilistservice",
      "kind" : "remoteSourceControl",
      "location" : "https://github.com/douglazhs/Orochii-AniListService.git",
      "state" : {
        "revision" : "065f321677d21787156c7981731ec3b8975108ae",
        "version" : "0.0.5"
      }
    }
  ],
  "version" : 2
}
